// !$*UTF8*$!
{
	archiveVersion = 1;
	classes = {
	};
	objectVersion = 46;
	objects = {

/* Begin PBXBuildFile section */
		422D4F5F1BDE85310045E6D5 /* CellCalendarDate.swift in Sources */ = {isa = PBXBuildFile; fileRef = 422D4F5E1BDE85310045E6D5 /* CellCalendarDate.swift */; };
		427CBE261BED0EDE00FAFB01 /* ReservationListCell.swift in Sources */ = {isa = PBXBuildFile; fileRef = 427CBE251BED0EDE00FAFB01 /* ReservationListCell.swift */; };
		427F028C1BC9799400A4AEB7 /* MainCategory.swift in Sources */ = {isa = PBXBuildFile; fileRef = 427F028B1BC9799400A4AEB7 /* MainCategory.swift */; };
		429B2E641BDD205300BAF88E /* HealthCalendar.swift in Sources */ = {isa = PBXBuildFile; fileRef = 429B2E631BDD205300BAF88E /* HealthCalendar.swift */; };
		42C0B9B71BCFF9E500B56D3D /* CellViewHealth.swift in Sources */ = {isa = PBXBuildFile; fileRef = 42C0B9B61BCFF9E500B56D3D /* CellViewHealth.swift */; };
		42C4988D1BC80B7D002DF0ED /* akregator_256.png in Resources */ = {isa = PBXBuildFile; fileRef = 42C4984D1BC80B7D002DF0ED /* akregator_256.png */; };
		42C4988E1BC80B7D002DF0ED /* appicon01.png in Resources */ = {isa = PBXBuildFile; fileRef = 42C4984E1BC80B7D002DF0ED /* appicon01.png */; };
		42C4988F1BC80B7D002DF0ED /* appicon02.png in Resources */ = {isa = PBXBuildFile; fileRef = 42C4984F1BC80B7D002DF0ED /* appicon02.png */; };
		42C498901BC80B7D002DF0ED /* arrow_down02.png in Resources */ = {isa = PBXBuildFile; fileRef = 42C498501BC80B7D002DF0ED /* arrow_down02.png */; };
		42C498911BC80B7D002DF0ED /* arrow_down03.png in Resources */ = {isa = PBXBuildFile; fileRef = 42C498511BC80B7D002DF0ED /* arrow_down03.png */; };
		42C498921BC80B7D002DF0ED /* arrow_left01.png in Resources */ = {isa = PBXBuildFile; fileRef = 42C498521BC80B7D002DF0ED /* arrow_left01.png */; };
		42C498931BC80B7D002DF0ED /* arrow_left02.png in Resources */ = {isa = PBXBuildFile; fileRef = 42C498531BC80B7D002DF0ED /* arrow_left02.png */; };
		42C498941BC80B7D002DF0ED /* arrow_right01.png in Resources */ = {isa = PBXBuildFile; fileRef = 42C498541BC80B7D002DF0ED /* arrow_right01.png */; };
		42C498951BC80B7D002DF0ED /* arrow_right02.png in Resources */ = {isa = PBXBuildFile; fileRef = 42C498551BC80B7D002DF0ED /* arrow_right02.png */; };
		42C498961BC80B7D002DF0ED /* arrow_up02.png in Resources */ = {isa = PBXBuildFile; fileRef = 42C498561BC80B7D002DF0ED /* arrow_up02.png */; };
		42C498971BC80B7D002DF0ED /* arrow_up03.png in Resources */ = {isa = PBXBuildFile; fileRef = 42C498571BC80B7D002DF0ED /* arrow_up03.png */; };
		42C498981BC80B7D002DF0ED /* back001.png in Resources */ = {isa = PBXBuildFile; fileRef = 42C498581BC80B7D002DF0ED /* back001.png */; };
		42C498991BC80B7D002DF0ED /* back002.jpg in Resources */ = {isa = PBXBuildFile; fileRef = 42C498591BC80B7D002DF0ED /* back002.jpg */; };
		42C4989A1BC80B7D002DF0ED /* bg_logo01.png in Resources */ = {isa = PBXBuildFile; fileRef = 42C4985A1BC80B7D002DF0ED /* bg_logo01.png */; };
		42C4989B1BC80B7D002DF0ED /* bg_txt01.png in Resources */ = {isa = PBXBuildFile; fileRef = 42C4985B1BC80B7D002DF0ED /* bg_txt01.png */; };
		42C4989C1BC80B7D002DF0ED /* bluetooth_on_128.png in Resources */ = {isa = PBXBuildFile; fileRef = 42C4985C1BC80B7D002DF0ED /* bluetooth_on_128.png */; };
		42C4989D1BC80B7D002DF0ED /* calculator_256.png in Resources */ = {isa = PBXBuildFile; fileRef = 42C4985D1BC80B7D002DF0ED /* calculator_256.png */; };
		42C4989E1BC80B7D002DF0ED /* calendar01_128.png in Resources */ = {isa = PBXBuildFile; fileRef = 42C4985E1BC80B7D002DF0ED /* calendar01_128.png */; };
		42C4989F1BC80B7D002DF0ED /* camera_256_01.png in Resources */ = {isa = PBXBuildFile; fileRef = 42C4985F1BC80B7D002DF0ED /* camera_256_01.png */; };
		42C498A01BC80B7D002DF0ED /* camera_shutter.png in Resources */ = {isa = PBXBuildFile; fileRef = 42C498601BC80B7D002DF0ED /* camera_shutter.png */; };
		42C498A11BC80B7D002DF0ED /* camera_switch.png in Resources */ = {isa = PBXBuildFile; fileRef = 42C498611BC80B7D002DF0ED /* camera_switch.png */; };
		42C498A21BC80B7D002DF0ED /* config_256.png in Resources */ = {isa = PBXBuildFile; fileRef = 42C498621BC80B7D002DF0ED /* config_256.png */; };
		42C498A31BC80B7D002DF0ED /* customer.png in Resources */ = {isa = PBXBuildFile; fileRef = 42C498631BC80B7D002DF0ED /* customer.png */; };
		42C498A41BC80B7D002DF0ED /* del_128_001.png in Resources */ = {isa = PBXBuildFile; fileRef = 42C498641BC80B7D002DF0ED /* del_128_001.png */; };
		42C498A51BC80B7D002DF0ED /* dev01.png in Resources */ = {isa = PBXBuildFile; fileRef = 42C498651BC80B7D002DF0ED /* dev01.png */; };
		42C498A61BC80B7D002DF0ED /* dev02.png in Resources */ = {isa = PBXBuildFile; fileRef = 42C498661BC80B7D002DF0ED /* dev02.png */; };
		42C498A71BC80B7D002DF0ED /* dev03.png in Resources */ = {isa = PBXBuildFile; fileRef = 42C498671BC80B7D002DF0ED /* dev03.png */; };
		42C498A81BC80B7D002DF0ED /* dev04.png in Resources */ = {isa = PBXBuildFile; fileRef = 42C498681BC80B7D002DF0ED /* dev04.png */; };
		42C498A91BC80B7D002DF0ED /* edit_128_001.png in Resources */ = {isa = PBXBuildFile; fileRef = 42C498691BC80B7D002DF0ED /* edit_128_001.png */; };
		42C498AA1BC80B7D002DF0ED /* engval_down.png in Resources */ = {isa = PBXBuildFile; fileRef = 42C4986A1BC80B7D002DF0ED /* engval_down.png */; };
		42C498AB1BC80B7D002DF0ED /* engval_up.png in Resources */ = {isa = PBXBuildFile; fileRef = 42C4986B1BC80B7D002DF0ED /* engval_up.png */; };
		42C498AC1BC80B7D002DF0ED /* heart_icon.png in Resources */ = {isa = PBXBuildFile; fileRef = 42C4986C1BC80B7D002DF0ED /* heart_icon.png */; };
		42C498AD1BC80B7D002DF0ED /* heart_icon48.png in Resources */ = {isa = PBXBuildFile; fileRef = 42C4986D1BC80B7D002DF0ED /* heart_icon48.png */; };
		42C498AE1BC80B7D002DF0ED /* heart_icon64.png in Resources */ = {isa = PBXBuildFile; fileRef = 42C4986E1BC80B7D002DF0ED /* heart_icon64.png */; };
		42C498AF1BC80B7D002DF0ED /* homelogo001.png in Resources */ = {isa = PBXBuildFile; fileRef = 42C4986F1BC80B7D002DF0ED /* homelogo001.png */; };
		42C498B01BC80B7D002DF0ED /* homelogo002.png in Resources */ = {isa = PBXBuildFile; fileRef = 42C498701BC80B7D002DF0ED /* homelogo002.png */; };
		42C498B11BC80B7D002DF0ED /* homelogo003.png in Resources */ = {isa = PBXBuildFile; fileRef = 42C498711BC80B7D002DF0ED /* homelogo003.png */; };
		42C498B21BC80B7D002DF0ED /* invoice01_128.png in Resources */ = {isa = PBXBuildFile; fileRef = 42C498721BC80B7D002DF0ED /* invoice01_128.png */; };
		42C498B31BC80B7D002DF0ED /* kchart_256.png in Resources */ = {isa = PBXBuildFile; fileRef = 42C498731BC80B7D002DF0ED /* kchart_256.png */; };
		42C498B41BC80B7D002DF0ED /* logo_isoqi01.png in Resources */ = {isa = PBXBuildFile; fileRef = 42C498741BC80B7D002DF0ED /* logo_isoqi01.png */; };
		42C498B51BC80B7D002DF0ED /* logo_merit01.png in Resources */ = {isa = PBXBuildFile; fileRef = 42C498751BC80B7D002DF0ED /* logo_merit01.png */; };
		42C498B61BC80B7D002DF0ED /* logo_merit02.png in Resources */ = {isa = PBXBuildFile; fileRef = 42C498761BC80B7D002DF0ED /* logo_merit02.png */; };
		42C498B71BC80B7D002DF0ED /* menu_calendar01_256.png in Resources */ = {isa = PBXBuildFile; fileRef = 42C498771BC80B7D002DF0ED /* menu_calendar01_256.png */; };
		42C498B81BC80B7D002DF0ED /* menu_calendar_256.png in Resources */ = {isa = PBXBuildFile; fileRef = 42C498781BC80B7D002DF0ED /* menu_calendar_256.png */; };
		42C498B91BC80B7D002DF0ED /* menu_camera_256.png in Resources */ = {isa = PBXBuildFile; fileRef = 42C498791BC80B7D002DF0ED /* menu_camera_256.png */; };
		42C498BA1BC80B7D002DF0ED /* menu_cert_256.png in Resources */ = {isa = PBXBuildFile; fileRef = 42C4987A1BC80B7D002DF0ED /* menu_cert_256.png */; };
		42C498BB1BC80B7D002DF0ED /* menu_member.png in Resources */ = {isa = PBXBuildFile; fileRef = 42C4987B1BC80B7D002DF0ED /* menu_member.png */; };
		42C498BC1BC80B7D002DF0ED /* menu_message_256.png in Resources */ = {isa = PBXBuildFile; fileRef = 42C4987C1BC80B7D002DF0ED /* menu_message_256.png */; };
		42C498BD1BC80B7D002DF0ED /* menu_profile.png in Resources */ = {isa = PBXBuildFile; fileRef = 42C4987D1BC80B7D002DF0ED /* menu_profile.png */; };
		42C498BE1BC80B7D002DF0ED /* menu_testing.png in Resources */ = {isa = PBXBuildFile; fileRef = 42C4987E1BC80B7D002DF0ED /* menu_testing.png */; };
		42C498BF1BC80B7D002DF0ED /* menu_testint01_256.png in Resources */ = {isa = PBXBuildFile; fileRef = 42C4987F1BC80B7D002DF0ED /* menu_testint01_256.png */; };
		42C498C01BC80B7D002DF0ED /* menu_train01_256.png in Resources */ = {isa = PBXBuildFile; fileRef = 42C498801BC80B7D002DF0ED /* menu_train01_256.png */; };
		42C498C11BC80B7D002DF0ED /* menu_train_256.png in Resources */ = {isa = PBXBuildFile; fileRef = 42C498811BC80B7D002DF0ED /* menu_train_256.png */; };
		42C498C21BC80B7D002DF0ED /* menu_upload.png in Resources */ = {isa = PBXBuildFile; fileRef = 42C498821BC80B7D002DF0ED /* menu_upload.png */; };
		42C498C31BC80B7D002DF0ED /* msgicon_fb.png in Resources */ = {isa = PBXBuildFile; fileRef = 42C498831BC80B7D002DF0ED /* msgicon_fb.png */; };
		42C498C41BC80B7D002DF0ED /* msgicon_line.png in Resources */ = {isa = PBXBuildFile; fileRef = 42C498841BC80B7D002DF0ED /* msgicon_line.png */; };
		42C498C51BC80B7D002DF0ED /* msgicon_qq.png in Resources */ = {isa = PBXBuildFile; fileRef = 42C498851BC80B7D002DF0ED /* msgicon_qq.png */; };
		42C498C61BC80B7D002DF0ED /* msgicon_wechat.png in Resources */ = {isa = PBXBuildFile; fileRef = 42C498861BC80B7D002DF0ED /* msgicon_wechat.png */; };
		42C498C71BC80B7D002DF0ED /* news01_128.png in Resources */ = {isa = PBXBuildFile; fileRef = 42C498871BC80B7D002DF0ED /* news01_128.png */; };
		42C498C81BC80B7D002DF0ED /* save_128.png in Resources */ = {isa = PBXBuildFile; fileRef = 42C498881BC80B7D002DF0ED /* save_128.png */; };
		42C498C91BC80B7D002DF0ED /* search01_128.png in Resources */ = {isa = PBXBuildFile; fileRef = 42C498891BC80B7D002DF0ED /* search01_128.png */; };
		42C498CA1BC80B7D002DF0ED /* search_64.png in Resources */ = {isa = PBXBuildFile; fileRef = 42C4988A1BC80B7D002DF0ED /* search_64.png */; };
		42C498CB1BC80B7D002DF0ED /* testmechine_128.png in Resources */ = {isa = PBXBuildFile; fileRef = 42C4988B1BC80B7D002DF0ED /* testmechine_128.png */; };
		42C498CC1BC80B7D002DF0ED /* user_empty01.png in Resources */ = {isa = PBXBuildFile; fileRef = 42C4988C1BC80B7D002DF0ED /* user_empty01.png */; };
		42D0F7501BEFAC7A00C97D54 /* NewsMain.swift in Sources */ = {isa = PBXBuildFile; fileRef = 42D0F74F1BEFAC7A00C97D54 /* NewsMain.swift */; };
		42D0F7521BEFADCD00C97D54 /* NewsStore.swift in Sources */ = {isa = PBXBuildFile; fileRef = 42D0F7511BEFADCD00C97D54 /* NewsStore.swift */; };
		42D0F7541BEFB22D00C97D54 /* NewsStoreDetail.swift in Sources */ = {isa = PBXBuildFile; fileRef = 42D0F7531BEFB22D00C97D54 /* NewsStoreDetail.swift */; };
		42D0F7561BEFB50500C97D54 /* NewsStoreCell.swift in Sources */ = {isa = PBXBuildFile; fileRef = 42D0F7551BEFB50500C97D54 /* NewsStoreCell.swift */; };
		42D0F7581BEFB66400C97D54 /* NewsStoreDetailCell.swift in Sources */ = {isa = PBXBuildFile; fileRef = 42D0F7571BEFB66400C97D54 /* NewsStoreDetailCell.swift */; };
		42D1A73B1BC587DD008ECEFB /* AppDelegate.swift in Sources */ = {isa = PBXBuildFile; fileRef = 42D1A73A1BC587DD008ECEFB /* AppDelegate.swift */; };
		42D1A73D1BC587DD008ECEFB /* MainLogin.swift in Sources */ = {isa = PBXBuildFile; fileRef = 42D1A73C1BC587DD008ECEFB /* MainLogin.swift */; };
		42D1A7401BC587DD008ECEFB /* Main.storyboard in Resources */ = {isa = PBXBuildFile; fileRef = 42D1A73E1BC587DD008ECEFB /* Main.storyboard */; };
		42D1A7421BC587DD008ECEFB /* Assets.xcassets in Resources */ = {isa = PBXBuildFile; fileRef = 42D1A7411BC587DD008ECEFB /* Assets.xcassets */; };
		42E376B91BEA6CDE00910327 /* CourseSelCustCell.swift in Sources */ = {isa = PBXBuildFile; fileRef = 42E376B81BEA6CDE00910327 /* CourseSelCustCell.swift */; };
		42E376BB1BEA6DAE00910327 /* CourseSelCust.swift in Sources */ = {isa = PBXBuildFile; fileRef = 42E376BA1BEA6DAE00910327 /* CourseSelCust.swift */; };
		42E708F71BC7534A0092A5A9 /* PubClass.swift in Sources */ = {isa = PBXBuildFile; fileRef = 42E708F61BC7534A0092A5A9 /* PubClass.swift */; };
		42E708F91BC754050092A5A9 /* zh-Hans.strings in Resources */ = {isa = PBXBuildFile; fileRef = 42E708F81BC754050092A5A9 /* zh-Hans.strings */; };
		42E708FB1BC754190092A5A9 /* default.strings in Resources */ = {isa = PBXBuildFile; fileRef = 42E708FA1BC754190092A5A9 /* default.strings */; };
		D700EB491BFD9CE400DAA145 /* CourseOdrsList.swift in Sources */ = {isa = PBXBuildFile; fileRef = D700EB481BFD9CE400DAA145 /* CourseOdrsList.swift */; };
		D700EB4B1BFD9CFA00DAA145 /* CourseOdrsListCell.swift in Sources */ = {isa = PBXBuildFile; fileRef = D700EB4A1BFD9CFA00DAA145 /* CourseOdrsListCell.swift */; };
		D700EB4D1BFDA73B00DAA145 /* CourseOdrsDetail.swift in Sources */ = {isa = PBXBuildFile; fileRef = D700EB4C1BFDA73B00DAA145 /* CourseOdrsDetail.swift */; };
		D700EB4F1BFDA74E00DAA145 /* CourseOdrsDetailCell.swift in Sources */ = {isa = PBXBuildFile; fileRef = D700EB4E1BFDA74E00DAA145 /* CourseOdrsDetailCell.swift */; };
		D700EB521BFDC9A500DAA145 /* PdSaleDetail.swift in Sources */ = {isa = PBXBuildFile; fileRef = D700EB511BFDC9A500DAA145 /* PdSaleDetail.swift */; };
		D704130D1BFAD2F4008F4CE4 /* MeadDetailTxt.swift in Sources */ = {isa = PBXBuildFile; fileRef = D704130C1BFAD2F4008F4CE4 /* MeadDetailTxt.swift */; };
		D704131B1BFADE76008F4CE4 /* mead_db.txt in Resources */ = {isa = PBXBuildFile; fileRef = D704131A1BFADE76008F4CE4 /* mead_db.txt */; };
		D704131D1BFB0509008F4CE4 /* MeadDetailCell.swift in Sources */ = {isa = PBXBuildFile; fileRef = D704131C1BFB0509008F4CE4 /* MeadDetailCell.swift */; };
		D70F0A4F1BF98588006B6596 /* SoqibedAdEd.swift in Sources */ = {isa = PBXBuildFile; fileRef = D70F0A4E1BF98588006B6596 /* SoqibedAdEd.swift */; };
		D70F0A8C1BF9BBBF006B6596 /* html in Resources */ = {isa = PBXBuildFile; fileRef = D70F0A8B1BF9BBBF006B6596 /* html */; };
		D71B2BD61BF02B8C006BB466 /* NewsOffice.swift in Sources */ = {isa = PBXBuildFile; fileRef = D71B2BD51BF02B8C006BB466 /* NewsOffice.swift */; };
		D71B2BD81BF02C17006BB466 /* NewsOfficeCell.swift in Sources */ = {isa = PBXBuildFile; fileRef = D71B2BD71BF02C17006BB466 /* NewsOfficeCell.swift */; };
		D71B2BDA1BF02D05006BB466 /* NewsOfficeDetail.swift in Sources */ = {isa = PBXBuildFile; fileRef = D71B2BD91BF02D05006BB466 /* NewsOfficeDetail.swift */; };
		D71B2BDD1BF082FD006BB466 /* MemberPict.swift in Sources */ = {isa = PBXBuildFile; fileRef = D71B2BDC1BF082FD006BB466 /* MemberPict.swift */; };
		D71CE2EA1BE31EBD0067CCC1 /* HealthValCell.swift in Sources */ = {isa = PBXBuildFile; fileRef = D71CE2E91BE31EBD0067CCC1 /* HealthValCell.swift */; };
		D71CE2EC1BE323D00067CCC1 /* HealthDataInit.swift in Sources */ = {isa = PBXBuildFile; fileRef = D71CE2EB1BE323D00067CCC1 /* HealthDataInit.swift */; };
		D71CE2EE1BE34FEB0067CCC1 /* HealthCellExtData.swift in Sources */ = {isa = PBXBuildFile; fileRef = D71CE2ED1BE34FEB0067CCC1 /* HealthCellExtData.swift */; };
		D71CE2F01BE36D640067CCC1 /* HealthExplainTestData.swift in Sources */ = {isa = PBXBuildFile; fileRef = D71CE2EF1BE36D640067CCC1 /* HealthExplainTestData.swift */; };
		D726BE7E1BE87B980039C70E /* ReservationAdd.swift in Sources */ = {isa = PBXBuildFile; fileRef = D726BE7D1BE87B980039C70E /* ReservationAdd.swift */; };
		D726BE801BE87E9E0039C70E /* SelTimeCell.swift in Sources */ = {isa = PBXBuildFile; fileRef = D726BE7F1BE87E9E0039C70E /* SelTimeCell.swift */; };
		D726BE821BE892FA0039C70E /* SelDateCell.swift in Sources */ = {isa = PBXBuildFile; fileRef = D726BE811BE892FA0039C70E /* SelDateCell.swift */; };
		D726BE841BE8A9AC0039C70E /* SelServCell.swift in Sources */ = {isa = PBXBuildFile; fileRef = D726BE831BE8A9AC0039C70E /* SelServCell.swift */; };
		D75C3FD91BEC890400123087 /* ReservationList.swift in Sources */ = {isa = PBXBuildFile; fileRef = D75C3FD81BEC890400123087 /* ReservationList.swift */; };
		D75C3FDB1BECA19100123087 /* ReservationMain.swift in Sources */ = {isa = PBXBuildFile; fileRef = D75C3FDA1BECA19100123087 /* ReservationMain.swift */; };
		D77684181BD0A1C500B97009 /* digt001.ttf in Resources */ = {isa = PBXBuildFile; fileRef = D77684161BD0A1C500B97009 /* digt001.ttf */; };
		D77684191BD0A1C500B97009 /* digt002.ttf in Resources */ = {isa = PBXBuildFile; fileRef = D77684171BD0A1C500B97009 /* digt002.ttf */; };
		D781F2B71BF5B48300477ABE /* SoqibedMain.swift in Sources */ = {isa = PBXBuildFile; fileRef = D781F2B61BF5B48300477ABE /* SoqibedMain.swift */; };
		D781F2B91BF5B8D600477ABE /* SoqibedLogList.swift in Sources */ = {isa = PBXBuildFile; fileRef = D781F2B81BF5B8D600477ABE /* SoqibedLogList.swift */; };
		D781F2BB1BF5C7D100477ABE /* NoDataView.swift in Sources */ = {isa = PBXBuildFile; fileRef = D781F2BA1BF5C7D100477ABE /* NoDataView.swift */; };
		D781F2BD1BF5D6E700477ABE /* SoqibedLogAll.swift in Sources */ = {isa = PBXBuildFile; fileRef = D781F2BC1BF5D6E700477ABE /* SoqibedLogAll.swift */; };
		D79235081BE0AA570051D0B9 /* HealthCalCellData.swift in Sources */ = {isa = PBXBuildFile; fileRef = D79235071BE0AA570051D0B9 /* HealthCalCellData.swift */; };
		D7E6E29A1BFEA58200434C1D /* PdSaleDetailCell.swift in Sources */ = {isa = PBXBuildFile; fileRef = D7E6E2991BFEA58200434C1D /* PdSaleDetailCell.swift */; };
		D7E6E29C1BFEC71E00434C1D /* PdSaleReturn.swift in Sources */ = {isa = PBXBuildFile; fileRef = D7E6E29B1BFEC71E00434C1D /* PdSaleReturn.swift */; };
		D7E6E29E1BFEC73200434C1D /* PdSaleReturnCell.swift in Sources */ = {isa = PBXBuildFile; fileRef = D7E6E29D1BFEC73200434C1D /* PdSaleReturnCell.swift */; };
		D7EA9FB31BCF86A200E8CD10 /* MainScrollData.swift in Sources */ = {isa = PBXBuildFile; fileRef = D7EA9FB21BCF86A200E8CD10 /* MainScrollData.swift */; };
		D7EC48851BF18A520088BBE2 /* ImageClass.swift in Sources */ = {isa = PBXBuildFile; fileRef = D7EC48841BF18A520088BBE2 /* ImageClass.swift */; };
		D7EC494D1BF1A0FE0088BBE2 /* TOCropViewControllerLocalizable.strings in Resources */ = {isa = PBXBuildFile; fileRef = D7EC49291BF1A0FE0088BBE2 /* TOCropViewControllerLocalizable.strings */; };
		D7EC494E1BF1A0FE0088BBE2 /* TOActivityCroppedImageProvider.m in Sources */ = {isa = PBXBuildFile; fileRef = D7EC49351BF1A0FE0088BBE2 /* TOActivityCroppedImageProvider.m */; };
		D7EC494F1BF1A0FE0088BBE2 /* TOCroppedImageAttributes.m in Sources */ = {isa = PBXBuildFile; fileRef = D7EC49371BF1A0FE0088BBE2 /* TOCroppedImageAttributes.m */; };
		D7EC49501BF1A0FE0088BBE2 /* TOCropViewControllerTransitioning.m in Sources */ = {isa = PBXBuildFile; fileRef = D7EC49391BF1A0FE0088BBE2 /* TOCropViewControllerTransitioning.m */; };
		D7EC49511BF1A0FE0088BBE2 /* UIImage+CropRotate.m in Sources */ = {isa = PBXBuildFile; fileRef = D7EC493B1BF1A0FE0088BBE2 /* UIImage+CropRotate.m */; };
		D7EC49521BF1A0FE0088BBE2 /* TOCropViewController.m in Sources */ = {isa = PBXBuildFile; fileRef = D7EC49411BF1A0FE0088BBE2 /* TOCropViewController.m */; };
		D7EC49531BF1A0FE0088BBE2 /* TOCropOverlayView.m in Sources */ = {isa = PBXBuildFile; fileRef = D7EC49441BF1A0FE0088BBE2 /* TOCropOverlayView.m */; };
		D7EC49541BF1A0FE0088BBE2 /* TOCropScrollView.m in Sources */ = {isa = PBXBuildFile; fileRef = D7EC49461BF1A0FE0088BBE2 /* TOCropScrollView.m */; };
		D7EC49551BF1A0FE0088BBE2 /* TOCropToolbar.m in Sources */ = {isa = PBXBuildFile; fileRef = D7EC49481BF1A0FE0088BBE2 /* TOCropToolbar.m */; };
		D7EC49561BF1A0FE0088BBE2 /* TOCropView.m in Sources */ = {isa = PBXBuildFile; fileRef = D7EC494A1BF1A0FE0088BBE2 /* TOCropView.m */; };
		D7FBBC751BE9F890009A615B /* CourseSel.swift in Sources */ = {isa = PBXBuildFile; fileRef = D7FBBC741BE9F890009A615B /* CourseSel.swift */; };
		D7FBBC771BEA0600009A615B /* CourseSelCell.swift in Sources */ = {isa = PBXBuildFile; fileRef = D7FBBC761BEA0600009A615B /* CourseSelCell.swift */; };
		D7FDEFB91BD8BCA000ECA71A /* MeadList.swift in Sources */ = {isa = PBXBuildFile; fileRef = D7FDEFB81BD8BCA000ECA71A /* MeadList.swift */; };
		D7FDEFBB1BD8C9E800ECA71A /* MeadCell.swift in Sources */ = {isa = PBXBuildFile; fileRef = D7FDEFBA1BD8C9E800ECA71A /* MeadCell.swift */; };
		D7FDEFBD1BD8D38800ECA71A /* MeadDetail.swift in Sources */ = {isa = PBXBuildFile; fileRef = D7FDEFBC1BD8D38800ECA71A /* MeadDetail.swift */; };
		D7FDEFBF1BD8E15700ECA71A /* OdrsList.swift in Sources */ = {isa = PBXBuildFile; fileRef = D7FDEFBE1BD8E15700ECA71A /* OdrsList.swift */; };
		D7FDEFC11BD8E49200ECA71A /* OdrsCell.swift in Sources */ = {isa = PBXBuildFile; fileRef = D7FDEFC01BD8E49200ECA71A /* OdrsCell.swift */; };
/* End PBXBuildFile section */

/* Begin PBXFileReference section */
		422D4F5E1BDE85310045E6D5 /* CellCalendarDate.swift */ = {isa = PBXFileReference; fileEncoding = 4; lastKnownFileType = sourcecode.swift; name = CellCalendarDate.swift; path = Health/CellCalendarDate.swift; sourceTree = "<group>"; };
		427CBE251BED0EDE00FAFB01 /* ReservationListCell.swift */ = {isa = PBXFileReference; fileEncoding = 4; lastKnownFileType = sourcecode.swift; path = ReservationListCell.swift; sourceTree = "<group>"; };
		427F028B1BC9799400A4AEB7 /* MainCategory.swift */ = {isa = PBXFileReference; fileEncoding = 4; lastKnownFileType = sourcecode.swift; path = MainCategory.swift; sourceTree = "<group>"; };
		429B2E631BDD205300BAF88E /* HealthCalendar.swift */ = {isa = PBXFileReference; fileEncoding = 4; lastKnownFileType = sourcecode.swift; name = HealthCalendar.swift; path = Health/HealthCalendar.swift; sourceTree = "<group>"; };
		42C0B9B61BCFF9E500B56D3D /* CellViewHealth.swift */ = {isa = PBXFileReference; fileEncoding = 4; lastKnownFileType = sourcecode.swift; path = CellViewHealth.swift; sourceTree = "<group>"; };
		42C4984D1BC80B7D002DF0ED /* akregator_256.png */ = {isa = PBXFileReference; lastKnownFileType = image.png; path = akregator_256.png; sourceTree = "<group>"; };
		42C4984E1BC80B7D002DF0ED /* appicon01.png */ = {isa = PBXFileReference; lastKnownFileType = image.png; path = appicon01.png; sourceTree = "<group>"; };
		42C4984F1BC80B7D002DF0ED /* appicon02.png */ = {isa = PBXFileReference; lastKnownFileType = image.png; path = appicon02.png; sourceTree = "<group>"; };
		42C498501BC80B7D002DF0ED /* arrow_down02.png */ = {isa = PBXFileReference; lastKnownFileType = image.png; path = arrow_down02.png; sourceTree = "<group>"; };
		42C498511BC80B7D002DF0ED /* arrow_down03.png */ = {isa = PBXFileReference; lastKnownFileType = image.png; path = arrow_down03.png; sourceTree = "<group>"; };
		42C498521BC80B7D002DF0ED /* arrow_left01.png */ = {isa = PBXFileReference; lastKnownFileType = image.png; path = arrow_left01.png; sourceTree = "<group>"; };
		42C498531BC80B7D002DF0ED /* arrow_left02.png */ = {isa = PBXFileReference; lastKnownFileType = image.png; path = arrow_left02.png; sourceTree = "<group>"; };
		42C498541BC80B7D002DF0ED /* arrow_right01.png */ = {isa = PBXFileReference; lastKnownFileType = image.png; path = arrow_right01.png; sourceTree = "<group>"; };
		42C498551BC80B7D002DF0ED /* arrow_right02.png */ = {isa = PBXFileReference; lastKnownFileType = image.png; path = arrow_right02.png; sourceTree = "<group>"; };
		42C498561BC80B7D002DF0ED /* arrow_up02.png */ = {isa = PBXFileReference; lastKnownFileType = image.png; path = arrow_up02.png; sourceTree = "<group>"; };
		42C498571BC80B7D002DF0ED /* arrow_up03.png */ = {isa = PBXFileReference; lastKnownFileType = image.png; path = arrow_up03.png; sourceTree = "<group>"; };
		42C498581BC80B7D002DF0ED /* back001.png */ = {isa = PBXFileReference; lastKnownFileType = image.png; path = back001.png; sourceTree = "<group>"; };
		42C498591BC80B7D002DF0ED /* back002.jpg */ = {isa = PBXFileReference; lastKnownFileType = image.jpeg; path = back002.jpg; sourceTree = "<group>"; };
		42C4985A1BC80B7D002DF0ED /* bg_logo01.png */ = {isa = PBXFileReference; lastKnownFileType = image.png; path = bg_logo01.png; sourceTree = "<group>"; };
		42C4985B1BC80B7D002DF0ED /* bg_txt01.png */ = {isa = PBXFileReference; lastKnownFileType = image.png; path = bg_txt01.png; sourceTree = "<group>"; };
		42C4985C1BC80B7D002DF0ED /* bluetooth_on_128.png */ = {isa = PBXFileReference; lastKnownFileType = image.png; path = bluetooth_on_128.png; sourceTree = "<group>"; };
		42C4985D1BC80B7D002DF0ED /* calculator_256.png */ = {isa = PBXFileReference; lastKnownFileType = image.png; path = calculator_256.png; sourceTree = "<group>"; };
		42C4985E1BC80B7D002DF0ED /* calendar01_128.png */ = {isa = PBXFileReference; lastKnownFileType = image.png; path = calendar01_128.png; sourceTree = "<group>"; };
		42C4985F1BC80B7D002DF0ED /* camera_256_01.png */ = {isa = PBXFileReference; lastKnownFileType = image.png; path = camera_256_01.png; sourceTree = "<group>"; };
		42C498601BC80B7D002DF0ED /* camera_shutter.png */ = {isa = PBXFileReference; lastKnownFileType = image.png; path = camera_shutter.png; sourceTree = "<group>"; };
		42C498611BC80B7D002DF0ED /* camera_switch.png */ = {isa = PBXFileReference; lastKnownFileType = image.png; path = camera_switch.png; sourceTree = "<group>"; };
		42C498621BC80B7D002DF0ED /* config_256.png */ = {isa = PBXFileReference; lastKnownFileType = image.png; path = config_256.png; sourceTree = "<group>"; };
		42C498631BC80B7D002DF0ED /* customer.png */ = {isa = PBXFileReference; lastKnownFileType = image.png; path = customer.png; sourceTree = "<group>"; };
		42C498641BC80B7D002DF0ED /* del_128_001.png */ = {isa = PBXFileReference; lastKnownFileType = image.png; path = del_128_001.png; sourceTree = "<group>"; };
		42C498651BC80B7D002DF0ED /* dev01.png */ = {isa = PBXFileReference; lastKnownFileType = image.png; path = dev01.png; sourceTree = "<group>"; };
		42C498661BC80B7D002DF0ED /* dev02.png */ = {isa = PBXFileReference; lastKnownFileType = image.png; path = dev02.png; sourceTree = "<group>"; };
		42C498671BC80B7D002DF0ED /* dev03.png */ = {isa = PBXFileReference; lastKnownFileType = image.png; path = dev03.png; sourceTree = "<group>"; };
		42C498681BC80B7D002DF0ED /* dev04.png */ = {isa = PBXFileReference; lastKnownFileType = image.png; path = dev04.png; sourceTree = "<group>"; };
		42C498691BC80B7D002DF0ED /* edit_128_001.png */ = {isa = PBXFileReference; lastKnownFileType = image.png; path = edit_128_001.png; sourceTree = "<group>"; };
		42C4986A1BC80B7D002DF0ED /* engval_down.png */ = {isa = PBXFileReference; lastKnownFileType = image.png; path = engval_down.png; sourceTree = "<group>"; };
		42C4986B1BC80B7D002DF0ED /* engval_up.png */ = {isa = PBXFileReference; lastKnownFileType = image.png; path = engval_up.png; sourceTree = "<group>"; };
		42C4986C1BC80B7D002DF0ED /* heart_icon.png */ = {isa = PBXFileReference; lastKnownFileType = image.png; path = heart_icon.png; sourceTree = "<group>"; };
		42C4986D1BC80B7D002DF0ED /* heart_icon48.png */ = {isa = PBXFileReference; lastKnownFileType = image.png; path = heart_icon48.png; sourceTree = "<group>"; };
		42C4986E1BC80B7D002DF0ED /* heart_icon64.png */ = {isa = PBXFileReference; lastKnownFileType = image.png; path = heart_icon64.png; sourceTree = "<group>"; };
		42C4986F1BC80B7D002DF0ED /* homelogo001.png */ = {isa = PBXFileReference; lastKnownFileType = image.png; path = homelogo001.png; sourceTree = "<group>"; };
		42C498701BC80B7D002DF0ED /* homelogo002.png */ = {isa = PBXFileReference; lastKnownFileType = image.png; path = homelogo002.png; sourceTree = "<group>"; };
		42C498711BC80B7D002DF0ED /* homelogo003.png */ = {isa = PBXFileReference; lastKnownFileType = image.png; path = homelogo003.png; sourceTree = "<group>"; };
		42C498721BC80B7D002DF0ED /* invoice01_128.png */ = {isa = PBXFileReference; lastKnownFileType = image.png; path = invoice01_128.png; sourceTree = "<group>"; };
		42C498731BC80B7D002DF0ED /* kchart_256.png */ = {isa = PBXFileReference; lastKnownFileType = image.png; path = kchart_256.png; sourceTree = "<group>"; };
		42C498741BC80B7D002DF0ED /* logo_isoqi01.png */ = {isa = PBXFileReference; lastKnownFileType = image.png; path = logo_isoqi01.png; sourceTree = "<group>"; };
		42C498751BC80B7D002DF0ED /* logo_merit01.png */ = {isa = PBXFileReference; lastKnownFileType = image.png; path = logo_merit01.png; sourceTree = "<group>"; };
		42C498761BC80B7D002DF0ED /* logo_merit02.png */ = {isa = PBXFileReference; lastKnownFileType = image.png; path = logo_merit02.png; sourceTree = "<group>"; };
		42C498771BC80B7D002DF0ED /* menu_calendar01_256.png */ = {isa = PBXFileReference; lastKnownFileType = image.png; path = menu_calendar01_256.png; sourceTree = "<group>"; };
		42C498781BC80B7D002DF0ED /* menu_calendar_256.png */ = {isa = PBXFileReference; lastKnownFileType = image.png; path = menu_calendar_256.png; sourceTree = "<group>"; };
		42C498791BC80B7D002DF0ED /* menu_camera_256.png */ = {isa = PBXFileReference; lastKnownFileType = image.png; path = menu_camera_256.png; sourceTree = "<group>"; };
		42C4987A1BC80B7D002DF0ED /* menu_cert_256.png */ = {isa = PBXFileReference; lastKnownFileType = image.png; path = menu_cert_256.png; sourceTree = "<group>"; };
		42C4987B1BC80B7D002DF0ED /* menu_member.png */ = {isa = PBXFileReference; lastKnownFileType = image.png; path = menu_member.png; sourceTree = "<group>"; };
		42C4987C1BC80B7D002DF0ED /* menu_message_256.png */ = {isa = PBXFileReference; lastKnownFileType = image.png; path = menu_message_256.png; sourceTree = "<group>"; };
		42C4987D1BC80B7D002DF0ED /* menu_profile.png */ = {isa = PBXFileReference; lastKnownFileType = image.png; path = menu_profile.png; sourceTree = "<group>"; };
		42C4987E1BC80B7D002DF0ED /* menu_testing.png */ = {isa = PBXFileReference; lastKnownFileType = image.png; path = menu_testing.png; sourceTree = "<group>"; };
		42C4987F1BC80B7D002DF0ED /* menu_testint01_256.png */ = {isa = PBXFileReference; lastKnownFileType = image.png; path = menu_testint01_256.png; sourceTree = "<group>"; };
		42C498801BC80B7D002DF0ED /* menu_train01_256.png */ = {isa = PBXFileReference; lastKnownFileType = image.png; path = menu_train01_256.png; sourceTree = "<group>"; };
		42C498811BC80B7D002DF0ED /* menu_train_256.png */ = {isa = PBXFileReference; lastKnownFileType = image.png; path = menu_train_256.png; sourceTree = "<group>"; };
		42C498821BC80B7D002DF0ED /* menu_upload.png */ = {isa = PBXFileReference; lastKnownFileType = image.png; path = menu_upload.png; sourceTree = "<group>"; };
		42C498831BC80B7D002DF0ED /* msgicon_fb.png */ = {isa = PBXFileReference; lastKnownFileType = image.png; path = msgicon_fb.png; sourceTree = "<group>"; };
		42C498841BC80B7D002DF0ED /* msgicon_line.png */ = {isa = PBXFileReference; lastKnownFileType = image.png; path = msgicon_line.png; sourceTree = "<group>"; };
		42C498851BC80B7D002DF0ED /* msgicon_qq.png */ = {isa = PBXFileReference; lastKnownFileType = image.png; path = msgicon_qq.png; sourceTree = "<group>"; };
		42C498861BC80B7D002DF0ED /* msgicon_wechat.png */ = {isa = PBXFileReference; lastKnownFileType = image.png; path = msgicon_wechat.png; sourceTree = "<group>"; };
		42C498871BC80B7D002DF0ED /* news01_128.png */ = {isa = PBXFileReference; lastKnownFileType = image.png; path = news01_128.png; sourceTree = "<group>"; };
		42C498881BC80B7D002DF0ED /* save_128.png */ = {isa = PBXFileReference; lastKnownFileType = image.png; path = save_128.png; sourceTree = "<group>"; };
		42C498891BC80B7D002DF0ED /* search01_128.png */ = {isa = PBXFileReference; lastKnownFileType = image.png; path = search01_128.png; sourceTree = "<group>"; };
		42C4988A1BC80B7D002DF0ED /* search_64.png */ = {isa = PBXFileReference; lastKnownFileType = image.png; path = search_64.png; sourceTree = "<group>"; };
		42C4988B1BC80B7D002DF0ED /* testmechine_128.png */ = {isa = PBXFileReference; lastKnownFileType = image.png; path = testmechine_128.png; sourceTree = "<group>"; };
		42C4988C1BC80B7D002DF0ED /* user_empty01.png */ = {isa = PBXFileReference; lastKnownFileType = image.png; path = user_empty01.png; sourceTree = "<group>"; };
		42D0F74F1BEFAC7A00C97D54 /* NewsMain.swift */ = {isa = PBXFileReference; fileEncoding = 4; lastKnownFileType = sourcecode.swift; name = NewsMain.swift; path = news/NewsMain.swift; sourceTree = "<group>"; };
		42D0F7511BEFADCD00C97D54 /* NewsStore.swift */ = {isa = PBXFileReference; fileEncoding = 4; lastKnownFileType = sourcecode.swift; path = NewsStore.swift; sourceTree = "<group>"; };
		42D0F7531BEFB22D00C97D54 /* NewsStoreDetail.swift */ = {isa = PBXFileReference; fileEncoding = 4; lastKnownFileType = sourcecode.swift; path = NewsStoreDetail.swift; sourceTree = "<group>"; };
		42D0F7551BEFB50500C97D54 /* NewsStoreCell.swift */ = {isa = PBXFileReference; fileEncoding = 4; lastKnownFileType = sourcecode.swift; path = NewsStoreCell.swift; sourceTree = "<group>"; };
		42D0F7571BEFB66400C97D54 /* NewsStoreDetailCell.swift */ = {isa = PBXFileReference; fileEncoding = 4; lastKnownFileType = sourcecode.swift; path = NewsStoreDetailCell.swift; sourceTree = "<group>"; };
		42D1A7371BC587DD008ECEFB /* HealthCN.app */ = {isa = PBXFileReference; explicitFileType = wrapper.application; includeInIndex = 0; path = HealthCN.app; sourceTree = BUILT_PRODUCTS_DIR; };
		42D1A73A1BC587DD008ECEFB /* AppDelegate.swift */ = {isa = PBXFileReference; lastKnownFileType = sourcecode.swift; path = AppDelegate.swift; sourceTree = "<group>"; };
		42D1A73C1BC587DD008ECEFB /* MainLogin.swift */ = {isa = PBXFileReference; lastKnownFileType = sourcecode.swift; path = MainLogin.swift; sourceTree = "<group>"; };
		42D1A73F1BC587DD008ECEFB /* Base */ = {isa = PBXFileReference; lastKnownFileType = file.storyboard; name = Base; path = Base.lproj/Main.storyboard; sourceTree = "<group>"; };
		42D1A7411BC587DD008ECEFB /* Assets.xcassets */ = {isa = PBXFileReference; lastKnownFileType = folder.assetcatalog; path = Assets.xcassets; sourceTree = "<group>"; };
		42D1A7461BC587DD008ECEFB /* Info.plist */ = {isa = PBXFileReference; lastKnownFileType = text.plist.xml; path = Info.plist; sourceTree = "<group>"; };
		42E376B81BEA6CDE00910327 /* CourseSelCustCell.swift */ = {isa = PBXFileReference; fileEncoding = 4; lastKnownFileType = sourcecode.swift; path = CourseSelCustCell.swift; sourceTree = "<group>"; };
		42E376BA1BEA6DAE00910327 /* CourseSelCust.swift */ = {isa = PBXFileReference; fileEncoding = 4; lastKnownFileType = sourcecode.swift; path = CourseSelCust.swift; sourceTree = "<group>"; };
		42E708F61BC7534A0092A5A9 /* PubClass.swift */ = {isa = PBXFileReference; fileEncoding = 4; lastKnownFileType = sourcecode.swift; path = PubClass.swift; sourceTree = "<group>"; };
		42E708F81BC754050092A5A9 /* zh-Hans.strings */ = {isa = PBXFileReference; fileEncoding = 4; lastKnownFileType = text.plist.strings; path = "zh-Hans.strings"; sourceTree = "<group>"; };
		42E708FA1BC754190092A5A9 /* default.strings */ = {isa = PBXFileReference; fileEncoding = 4; lastKnownFileType = text.plist.strings; path = default.strings; sourceTree = "<group>"; };
		D700EB481BFD9CE400DAA145 /* CourseOdrsList.swift */ = {isa = PBXFileReference; fileEncoding = 4; lastKnownFileType = sourcecode.swift; path = CourseOdrsList.swift; sourceTree = "<group>"; };
		D700EB4A1BFD9CFA00DAA145 /* CourseOdrsListCell.swift */ = {isa = PBXFileReference; fileEncoding = 4; lastKnownFileType = sourcecode.swift; path = CourseOdrsListCell.swift; sourceTree = "<group>"; };
		D700EB4C1BFDA73B00DAA145 /* CourseOdrsDetail.swift */ = {isa = PBXFileReference; fileEncoding = 4; lastKnownFileType = sourcecode.swift; path = CourseOdrsDetail.swift; sourceTree = "<group>"; };
		D700EB4E1BFDA74E00DAA145 /* CourseOdrsDetailCell.swift */ = {isa = PBXFileReference; fileEncoding = 4; lastKnownFileType = sourcecode.swift; path = CourseOdrsDetailCell.swift; sourceTree = "<group>"; };
		D700EB511BFDC9A500DAA145 /* PdSaleDetail.swift */ = {isa = PBXFileReference; fileEncoding = 4; lastKnownFileType = sourcecode.swift; name = PdSaleDetail.swift; path = Odrs/PdSaleDetail.swift; sourceTree = "<group>"; };
		D704130C1BFAD2F4008F4CE4 /* MeadDetailTxt.swift */ = {isa = PBXFileReference; fileEncoding = 4; lastKnownFileType = sourcecode.swift; path = MeadDetailTxt.swift; sourceTree = "<group>"; };
		D704131A1BFADE76008F4CE4 /* mead_db.txt */ = {isa = PBXFileReference; fileEncoding = 4; lastKnownFileType = text; path = mead_db.txt; sourceTree = "<group>"; };
		D704131C1BFB0509008F4CE4 /* MeadDetailCell.swift */ = {isa = PBXFileReference; fileEncoding = 4; lastKnownFileType = sourcecode.swift; path = MeadDetailCell.swift; sourceTree = "<group>"; };
		D70F0A4E1BF98588006B6596 /* SoqibedAdEd.swift */ = {isa = PBXFileReference; fileEncoding = 4; lastKnownFileType = sourcecode.swift; path = SoqibedAdEd.swift; sourceTree = "<group>"; };
		D70F0A8B1BF9BBBF006B6596 /* html */ = {isa = PBXFileReference; lastKnownFileType = folder; path = html; sourceTree = "<group>"; };
		D71B2BD51BF02B8C006BB466 /* NewsOffice.swift */ = {isa = PBXFileReference; fileEncoding = 4; lastKnownFileType = sourcecode.swift; path = NewsOffice.swift; sourceTree = "<group>"; };
		D71B2BD71BF02C17006BB466 /* NewsOfficeCell.swift */ = {isa = PBXFileReference; fileEncoding = 4; lastKnownFileType = sourcecode.swift; path = NewsOfficeCell.swift; sourceTree = "<group>"; };
		D71B2BD91BF02D05006BB466 /* NewsOfficeDetail.swift */ = {isa = PBXFileReference; fileEncoding = 4; lastKnownFileType = sourcecode.swift; path = NewsOfficeDetail.swift; sourceTree = "<group>"; };
		D71B2BDC1BF082FD006BB466 /* MemberPict.swift */ = {isa = PBXFileReference; fileEncoding = 4; lastKnownFileType = sourcecode.swift; name = MemberPict.swift; path = ImageClass/MemberPict.swift; sourceTree = "<group>"; };
		D71CE2E91BE31EBD0067CCC1 /* HealthValCell.swift */ = {isa = PBXFileReference; fileEncoding = 4; lastKnownFileType = sourcecode.swift; path = HealthValCell.swift; sourceTree = "<group>"; };
		D71CE2EB1BE323D00067CCC1 /* HealthDataInit.swift */ = {isa = PBXFileReference; fileEncoding = 4; lastKnownFileType = sourcecode.swift; path = HealthDataInit.swift; sourceTree = "<group>"; };
		D71CE2ED1BE34FEB0067CCC1 /* HealthCellExtData.swift */ = {isa = PBXFileReference; fileEncoding = 4; lastKnownFileType = sourcecode.swift; path = HealthCellExtData.swift; sourceTree = "<group>"; };
		D71CE2EF1BE36D640067CCC1 /* HealthExplainTestData.swift */ = {isa = PBXFileReference; fileEncoding = 4; lastKnownFileType = sourcecode.swift; path = HealthExplainTestData.swift; sourceTree = "<group>"; };
		D726BE7D1BE87B980039C70E /* ReservationAdd.swift */ = {isa = PBXFileReference; fileEncoding = 4; lastKnownFileType = sourcecode.swift; name = ReservationAdd.swift; path = Reservation/ReservationAdd.swift; sourceTree = "<group>"; };
		D726BE7F1BE87E9E0039C70E /* SelTimeCell.swift */ = {isa = PBXFileReference; fileEncoding = 4; lastKnownFileType = sourcecode.swift; path = SelTimeCell.swift; sourceTree = "<group>"; };
		D726BE811BE892FA0039C70E /* SelDateCell.swift */ = {isa = PBXFileReference; fileEncoding = 4; lastKnownFileType = sourcecode.swift; path = SelDateCell.swift; sourceTree = "<group>"; };
		D726BE831BE8A9AC0039C70E /* SelServCell.swift */ = {isa = PBXFileReference; fileEncoding = 4; lastKnownFileType = sourcecode.swift; path = SelServCell.swift; sourceTree = "<group>"; };
		D75C3FD81BEC890400123087 /* ReservationList.swift */ = {isa = PBXFileReference; fileEncoding = 4; lastKnownFileType = sourcecode.swift; path = ReservationList.swift; sourceTree = "<group>"; };
		D75C3FDA1BECA19100123087 /* ReservationMain.swift */ = {isa = PBXFileReference; fileEncoding = 4; lastKnownFileType = sourcecode.swift; path = ReservationMain.swift; sourceTree = "<group>"; };
		D77684161BD0A1C500B97009 /* digt001.ttf */ = {isa = PBXFileReference; lastKnownFileType = file; path = digt001.ttf; sourceTree = "<group>"; };
		D77684171BD0A1C500B97009 /* digt002.ttf */ = {isa = PBXFileReference; lastKnownFileType = file; path = digt002.ttf; sourceTree = "<group>"; };
		D781F2B61BF5B48300477ABE /* SoqibedMain.swift */ = {isa = PBXFileReference; fileEncoding = 4; lastKnownFileType = sourcecode.swift; name = SoqibedMain.swift; path = Soqibed/SoqibedMain.swift; sourceTree = "<group>"; };
		D781F2B81BF5B8D600477ABE /* SoqibedLogList.swift */ = {isa = PBXFileReference; fileEncoding = 4; lastKnownFileType = sourcecode.swift; path = SoqibedLogList.swift; sourceTree = "<group>"; };
		D781F2BA1BF5C7D100477ABE /* NoDataView.swift */ = {isa = PBXFileReference; fileEncoding = 4; lastKnownFileType = sourcecode.swift; path = NoDataView.swift; sourceTree = "<group>"; };
		D781F2BC1BF5D6E700477ABE /* SoqibedLogAll.swift */ = {isa = PBXFileReference; fileEncoding = 4; lastKnownFileType = sourcecode.swift; path = SoqibedLogAll.swift; sourceTree = "<group>"; };
		D79235071BE0AA570051D0B9 /* HealthCalCellData.swift */ = {isa = PBXFileReference; fileEncoding = 4; lastKnownFileType = sourcecode.swift; path = HealthCalCellData.swift; sourceTree = "<group>"; };
		D7E6E2991BFEA58200434C1D /* PdSaleDetailCell.swift */ = {isa = PBXFileReference; fileEncoding = 4; lastKnownFileType = sourcecode.swift; name = PdSaleDetailCell.swift; path = Odrs/PdSaleDetailCell.swift; sourceTree = "<group>"; };
		D7E6E29B1BFEC71E00434C1D /* PdSaleReturn.swift */ = {isa = PBXFileReference; fileEncoding = 4; lastKnownFileType = sourcecode.swift; name = PdSaleReturn.swift; path = Odrs/PdSaleReturn.swift; sourceTree = "<group>"; };
		D7E6E29D1BFEC73200434C1D /* PdSaleReturnCell.swift */ = {isa = PBXFileReference; fileEncoding = 4; lastKnownFileType = sourcecode.swift; name = PdSaleReturnCell.swift; path = Odrs/PdSaleReturnCell.swift; sourceTree = "<group>"; };
		D7EA9FB21BCF86A200E8CD10 /* MainScrollData.swift */ = {isa = PBXFileReference; fileEncoding = 4; lastKnownFileType = sourcecode.swift; path = MainScrollData.swift; sourceTree = "<group>"; };
		D7EC48841BF18A520088BBE2 /* ImageClass.swift */ = {isa = PBXFileReference; fileEncoding = 4; lastKnownFileType = sourcecode.swift; path = ImageClass.swift; sourceTree = "<group>"; };
		D7EC49001BF19CAF0088BBE2 /* HealthCN-Bridging-Header.h */ = {isa = PBXFileReference; lastKnownFileType = sourcecode.c.h; path = "HealthCN-Bridging-Header.h"; sourceTree = "<group>"; };
		D7EC492A1BF1A0FE0088BBE2 /* Base */ = {isa = PBXFileReference; lastKnownFileType = text.plist.strings; name = Base; path = Base.lproj/TOCropViewControllerLocalizable.strings; sourceTree = "<group>"; };
		D7EC492B1BF1A0FE0088BBE2 /* de */ = {isa = PBXFileReference; lastKnownFileType = text.plist.strings; name = de; path = de.lproj/TOCropViewControllerLocalizable.strings; sourceTree = "<group>"; };
		D7EC492C1BF1A0FE0088BBE2 /* en */ = {isa = PBXFileReference; lastKnownFileType = text.plist.strings; name = en; path = en.lproj/TOCropViewControllerLocalizable.strings; sourceTree = "<group>"; };
		D7EC492D1BF1A0FE0088BBE2 /* es */ = {isa = PBXFileReference; lastKnownFileType = text.plist.strings; name = es; path = es.lproj/TOCropViewControllerLocalizable.strings; sourceTree = "<group>"; };
		D7EC492E1BF1A0FE0088BBE2 /* fr */ = {isa = PBXFileReference; lastKnownFileType = text.plist.strings; name = fr; path = fr.lproj/TOCropViewControllerLocalizable.strings; sourceTree = "<group>"; };
		D7EC492F1BF1A0FE0088BBE2 /* id */ = {isa = PBXFileReference; lastKnownFileType = text.plist.strings; name = id; path = id.lproj/TOCropViewControllerLocalizable.strings; sourceTree = "<group>"; };
		D7EC49301BF1A0FE0088BBE2 /* it */ = {isa = PBXFileReference; lastKnownFileType = text.plist.strings; name = it; path = it.lproj/TOCropViewControllerLocalizable.strings; sourceTree = "<group>"; };
		D7EC49311BF1A0FE0088BBE2 /* ja */ = {isa = PBXFileReference; lastKnownFileType = text.plist.strings; name = ja; path = ja.lproj/TOCropViewControllerLocalizable.strings; sourceTree = "<group>"; };
		D7EC49321BF1A0FE0088BBE2 /* ko */ = {isa = PBXFileReference; lastKnownFileType = text.plist.strings; name = ko; path = ko.lproj/TOCropViewControllerLocalizable.strings; sourceTree = "<group>"; };
		D7EC49341BF1A0FE0088BBE2 /* TOActivityCroppedImageProvider.h */ = {isa = PBXFileReference; fileEncoding = 4; lastKnownFileType = sourcecode.c.h; path = TOActivityCroppedImageProvider.h; sourceTree = "<group>"; };
		D7EC49351BF1A0FE0088BBE2 /* TOActivityCroppedImageProvider.m */ = {isa = PBXFileReference; fileEncoding = 4; lastKnownFileType = sourcecode.c.objc; path = TOActivityCroppedImageProvider.m; sourceTree = "<group>"; };
		D7EC49361BF1A0FE0088BBE2 /* TOCroppedImageAttributes.h */ = {isa = PBXFileReference; fileEncoding = 4; lastKnownFileType = sourcecode.c.h; path = TOCroppedImageAttributes.h; sourceTree = "<group>"; };
		D7EC49371BF1A0FE0088BBE2 /* TOCroppedImageAttributes.m */ = {isa = PBXFileReference; fileEncoding = 4; lastKnownFileType = sourcecode.c.objc; path = TOCroppedImageAttributes.m; sourceTree = "<group>"; };
		D7EC49381BF1A0FE0088BBE2 /* TOCropViewControllerTransitioning.h */ = {isa = PBXFileReference; fileEncoding = 4; lastKnownFileType = sourcecode.c.h; path = TOCropViewControllerTransitioning.h; sourceTree = "<group>"; };
		D7EC49391BF1A0FE0088BBE2 /* TOCropViewControllerTransitioning.m */ = {isa = PBXFileReference; fileEncoding = 4; lastKnownFileType = sourcecode.c.objc; path = TOCropViewControllerTransitioning.m; sourceTree = "<group>"; };
		D7EC493A1BF1A0FE0088BBE2 /* UIImage+CropRotate.h */ = {isa = PBXFileReference; fileEncoding = 4; lastKnownFileType = sourcecode.c.h; path = "UIImage+CropRotate.h"; sourceTree = "<group>"; };
		D7EC493B1BF1A0FE0088BBE2 /* UIImage+CropRotate.m */ = {isa = PBXFileReference; fileEncoding = 4; lastKnownFileType = sourcecode.c.objc; path = "UIImage+CropRotate.m"; sourceTree = "<group>"; };
		D7EC493C1BF1A0FE0088BBE2 /* nl */ = {isa = PBXFileReference; lastKnownFileType = text.plist.strings; name = nl; path = nl.lproj/TOCropViewControllerLocalizable.strings; sourceTree = "<group>"; };
		D7EC493D1BF1A0FE0088BBE2 /* pl */ = {isa = PBXFileReference; lastKnownFileType = text.plist.strings; name = pl; path = pl.lproj/TOCropViewControllerLocalizable.strings; sourceTree = "<group>"; };
		D7EC493E1BF1A0FE0088BBE2 /* pt */ = {isa = PBXFileReference; lastKnownFileType = text.plist.strings; name = pt; path = pt.lproj/TOCropViewControllerLocalizable.strings; sourceTree = "<group>"; };
		D7EC493F1BF1A0FE0088BBE2 /* ru */ = {isa = PBXFileReference; lastKnownFileType = text.plist.strings; name = ru; path = ru.lproj/TOCropViewControllerLocalizable.strings; sourceTree = "<group>"; };
		D7EC49401BF1A0FE0088BBE2 /* TOCropViewController.h */ = {isa = PBXFileReference; fileEncoding = 4; lastKnownFileType = sourcecode.c.h; path = TOCropViewController.h; sourceTree = "<group>"; };
		D7EC49411BF1A0FE0088BBE2 /* TOCropViewController.m */ = {isa = PBXFileReference; fileEncoding = 4; lastKnownFileType = sourcecode.c.objc; path = TOCropViewController.m; sourceTree = "<group>"; };
		D7EC49431BF1A0FE0088BBE2 /* TOCropOverlayView.h */ = {isa = PBXFileReference; fileEncoding = 4; lastKnownFileType = sourcecode.c.h; path = TOCropOverlayView.h; sourceTree = "<group>"; };
		D7EC49441BF1A0FE0088BBE2 /* TOCropOverlayView.m */ = {isa = PBXFileReference; fileEncoding = 4; lastKnownFileType = sourcecode.c.objc; path = TOCropOverlayView.m; sourceTree = "<group>"; };
		D7EC49451BF1A0FE0088BBE2 /* TOCropScrollView.h */ = {isa = PBXFileReference; fileEncoding = 4; lastKnownFileType = sourcecode.c.h; path = TOCropScrollView.h; sourceTree = "<group>"; };
		D7EC49461BF1A0FE0088BBE2 /* TOCropScrollView.m */ = {isa = PBXFileReference; fileEncoding = 4; lastKnownFileType = sourcecode.c.objc; path = TOCropScrollView.m; sourceTree = "<group>"; };
		D7EC49471BF1A0FE0088BBE2 /* TOCropToolbar.h */ = {isa = PBXFileReference; fileEncoding = 4; lastKnownFileType = sourcecode.c.h; path = TOCropToolbar.h; sourceTree = "<group>"; };
		D7EC49481BF1A0FE0088BBE2 /* TOCropToolbar.m */ = {isa = PBXFileReference; fileEncoding = 4; lastKnownFileType = sourcecode.c.objc; path = TOCropToolbar.m; sourceTree = "<group>"; };
		D7EC49491BF1A0FE0088BBE2 /* TOCropView.h */ = {isa = PBXFileReference; fileEncoding = 4; lastKnownFileType = sourcecode.c.h; path = TOCropView.h; sourceTree = "<group>"; };
		D7EC494A1BF1A0FE0088BBE2 /* TOCropView.m */ = {isa = PBXFileReference; fileEncoding = 4; lastKnownFileType = sourcecode.c.objc; path = TOCropView.m; sourceTree = "<group>"; };
		D7EC494B1BF1A0FE0088BBE2 /* zh-Hans */ = {isa = PBXFileReference; lastKnownFileType = text.plist.strings; name = "zh-Hans"; path = "zh-Hans.lproj/TOCropViewControllerLocalizable.strings"; sourceTree = "<group>"; };
		D7EC494C1BF1A0FE0088BBE2 /* zh-Hant */ = {isa = PBXFileReference; lastKnownFileType = text.plist.strings; name = "zh-Hant"; path = "zh-Hant.lproj/TOCropViewControllerLocalizable.strings"; sourceTree = "<group>"; };
		D7FBBC741BE9F890009A615B /* CourseSel.swift */ = {isa = PBXFileReference; fileEncoding = 4; lastKnownFileType = sourcecode.swift; path = CourseSel.swift; sourceTree = "<group>"; };
		D7FBBC761BEA0600009A615B /* CourseSelCell.swift */ = {isa = PBXFileReference; fileEncoding = 4; lastKnownFileType = sourcecode.swift; path = CourseSelCell.swift; sourceTree = "<group>"; };
		D7FDEFB81BD8BCA000ECA71A /* MeadList.swift */ = {isa = PBXFileReference; fileEncoding = 4; lastKnownFileType = sourcecode.swift; path = MeadList.swift; sourceTree = "<group>"; };
		D7FDEFBA1BD8C9E800ECA71A /* MeadCell.swift */ = {isa = PBXFileReference; fileEncoding = 4; lastKnownFileType = sourcecode.swift; path = MeadCell.swift; sourceTree = "<group>"; };
		D7FDEFBC1BD8D38800ECA71A /* MeadDetail.swift */ = {isa = PBXFileReference; fileEncoding = 4; lastKnownFileType = sourcecode.swift; path = MeadDetail.swift; sourceTree = "<group>"; };
		D7FDEFBE1BD8E15700ECA71A /* OdrsList.swift */ = {isa = PBXFileReference; fileEncoding = 4; lastKnownFileType = sourcecode.swift; path = OdrsList.swift; sourceTree = "<group>"; };
		D7FDEFC01BD8E49200ECA71A /* OdrsCell.swift */ = {isa = PBXFileReference; fileEncoding = 4; lastKnownFileType = sourcecode.swift; path = OdrsCell.swift; sourceTree = "<group>"; };
/* End PBXFileReference section */

/* Begin PBXFrameworksBuildPhase section */
		42D1A7341BC587DD008ECEFB /* Frameworks */ = {
			isa = PBXFrameworksBuildPhase;
			buildActionMask = 2147483647;
			files = (
			);
			runOnlyForDeploymentPostprocessing = 0;
		};
/* End PBXFrameworksBuildPhase section */

/* Begin PBXGroup section */
		429B2E651BDD207D00BAF88E /* Health */ = {
			isa = PBXGroup;
			children = (
				429B2E631BDD205300BAF88E /* HealthCalendar.swift */,
				422D4F5E1BDE85310045E6D5 /* CellCalendarDate.swift */,
				D79235071BE0AA570051D0B9 /* HealthCalCellData.swift */,
				D71CE2E91BE31EBD0067CCC1 /* HealthValCell.swift */,
				D71CE2EB1BE323D00067CCC1 /* HealthDataInit.swift */,
				D71CE2ED1BE34FEB0067CCC1 /* HealthCellExtData.swift */,
				D71CE2EF1BE36D640067CCC1 /* HealthExplainTestData.swift */,
			);
			name = Health;
			sourceTree = "<group>";
		};
		42C4984C1BC80B7D002DF0ED /* image */ = {
			isa = PBXGroup;
			children = (
				42C4984D1BC80B7D002DF0ED /* akregator_256.png */,
				42C4984E1BC80B7D002DF0ED /* appicon01.png */,
				42C4984F1BC80B7D002DF0ED /* appicon02.png */,
				42C498501BC80B7D002DF0ED /* arrow_down02.png */,
				42C498511BC80B7D002DF0ED /* arrow_down03.png */,
				42C498521BC80B7D002DF0ED /* arrow_left01.png */,
				42C498531BC80B7D002DF0ED /* arrow_left02.png */,
				42C498541BC80B7D002DF0ED /* arrow_right01.png */,
				42C498551BC80B7D002DF0ED /* arrow_right02.png */,
				42C498561BC80B7D002DF0ED /* arrow_up02.png */,
				42C498571BC80B7D002DF0ED /* arrow_up03.png */,
				42C498581BC80B7D002DF0ED /* back001.png */,
				42C498591BC80B7D002DF0ED /* back002.jpg */,
				42C4985A1BC80B7D002DF0ED /* bg_logo01.png */,
				42C4985B1BC80B7D002DF0ED /* bg_txt01.png */,
				42C4985C1BC80B7D002DF0ED /* bluetooth_on_128.png */,
				42C4985D1BC80B7D002DF0ED /* calculator_256.png */,
				42C4985E1BC80B7D002DF0ED /* calendar01_128.png */,
				42C4985F1BC80B7D002DF0ED /* camera_256_01.png */,
				42C498601BC80B7D002DF0ED /* camera_shutter.png */,
				42C498611BC80B7D002DF0ED /* camera_switch.png */,
				42C498621BC80B7D002DF0ED /* config_256.png */,
				42C498631BC80B7D002DF0ED /* customer.png */,
				42C498641BC80B7D002DF0ED /* del_128_001.png */,
				42C498651BC80B7D002DF0ED /* dev01.png */,
				42C498661BC80B7D002DF0ED /* dev02.png */,
				42C498671BC80B7D002DF0ED /* dev03.png */,
				42C498681BC80B7D002DF0ED /* dev04.png */,
				42C498691BC80B7D002DF0ED /* edit_128_001.png */,
				42C4986A1BC80B7D002DF0ED /* engval_down.png */,
				42C4986B1BC80B7D002DF0ED /* engval_up.png */,
				42C4986C1BC80B7D002DF0ED /* heart_icon.png */,
				42C4986D1BC80B7D002DF0ED /* heart_icon48.png */,
				42C4986E1BC80B7D002DF0ED /* heart_icon64.png */,
				42C4986F1BC80B7D002DF0ED /* homelogo001.png */,
				42C498701BC80B7D002DF0ED /* homelogo002.png */,
				42C498711BC80B7D002DF0ED /* homelogo003.png */,
				42C498721BC80B7D002DF0ED /* invoice01_128.png */,
				42C498731BC80B7D002DF0ED /* kchart_256.png */,
				42C498741BC80B7D002DF0ED /* logo_isoqi01.png */,
				42C498751BC80B7D002DF0ED /* logo_merit01.png */,
				42C498761BC80B7D002DF0ED /* logo_merit02.png */,
				42C498771BC80B7D002DF0ED /* menu_calendar01_256.png */,
				42C498781BC80B7D002DF0ED /* menu_calendar_256.png */,
				42C498791BC80B7D002DF0ED /* menu_camera_256.png */,
				42C4987A1BC80B7D002DF0ED /* menu_cert_256.png */,
				42C4987B1BC80B7D002DF0ED /* menu_member.png */,
				42C4987C1BC80B7D002DF0ED /* menu_message_256.png */,
				42C4987D1BC80B7D002DF0ED /* menu_profile.png */,
				42C4987E1BC80B7D002DF0ED /* menu_testing.png */,
				42C4987F1BC80B7D002DF0ED /* menu_testint01_256.png */,
				42C498801BC80B7D002DF0ED /* menu_train01_256.png */,
				42C498811BC80B7D002DF0ED /* menu_train_256.png */,
				42C498821BC80B7D002DF0ED /* menu_upload.png */,
				42C498831BC80B7D002DF0ED /* msgicon_fb.png */,
				42C498841BC80B7D002DF0ED /* msgicon_line.png */,
				42C498851BC80B7D002DF0ED /* msgicon_qq.png */,
				42C498861BC80B7D002DF0ED /* msgicon_wechat.png */,
				42C498871BC80B7D002DF0ED /* news01_128.png */,
				42C498881BC80B7D002DF0ED /* save_128.png */,
				42C498891BC80B7D002DF0ED /* search01_128.png */,
				42C4988A1BC80B7D002DF0ED /* search_64.png */,
				42C4988B1BC80B7D002DF0ED /* testmechine_128.png */,
				42C4988C1BC80B7D002DF0ED /* user_empty01.png */,
			);
			path = image;
			sourceTree = "<group>";
		};
		42C9C4921BD15BDF00BB217F /* Program */ = {
			isa = PBXGroup;
			children = (
			);
			name = Program;
			sourceTree = "<group>";
		};
		42D0F74E1BEFAC4700C97D54 /* News */ = {
			isa = PBXGroup;
			children = (
				42D0F74F1BEFAC7A00C97D54 /* NewsMain.swift */,
				42D0F7511BEFADCD00C97D54 /* NewsStore.swift */,
				42D0F7551BEFB50500C97D54 /* NewsStoreCell.swift */,
				42D0F7531BEFB22D00C97D54 /* NewsStoreDetail.swift */,
				42D0F7571BEFB66400C97D54 /* NewsStoreDetailCell.swift */,
				D71B2BD51BF02B8C006BB466 /* NewsOffice.swift */,
				D71B2BD71BF02C17006BB466 /* NewsOfficeCell.swift */,
				D71B2BD91BF02D05006BB466 /* NewsOfficeDetail.swift */,
			);
			name = News;
			sourceTree = "<group>";
		};
		42D1A72E1BC587DD008ECEFB = {
			isa = PBXGroup;
			children = (
				42D1A7391BC587DD008ECEFB /* HealthCN */,
				42D1A7381BC587DD008ECEFB /* Products */,
			);
			sourceTree = "<group>";
		};
		42D1A7381BC587DD008ECEFB /* Products */ = {
			isa = PBXGroup;
			children = (
				42D1A7371BC587DD008ECEFB /* HealthCN.app */,
			);
			name = Products;
			sourceTree = "<group>";
		};
		42D1A7391BC587DD008ECEFB /* HealthCN */ = {
			isa = PBXGroup;
			children = (
				42D1A73E1BC587DD008ECEFB /* Main.storyboard */,
				42E708F41BC752D40092A5A9 /* MainHome */,
				42D0F74E1BEFAC4700C97D54 /* News */,
				42C9C4921BD15BDF00BB217F /* Program */,
				D70F0A881BF9A506006B6596 /* Mead */,
				D700EB501BFDC96500DAA145 /* Odrs */,
				429B2E651BDD207D00BAF88E /* Health */,
				D726BE7C1BE87B4E0039C70E /* Reservation */,
				D781F2B51BF5B44500477ABE /* Soqibed */,
				42E708F31BC752C40092A5A9 /* PubClass */,
				D71B2BDB1BF082BF006BB466 /* ImageClass */,
				D7EC49281BF1A0FE0088BBE2 /* TOCropViewController */,
				42C4984C1BC80B7D002DF0ED /* image */,
				42E708F51BC752EE0092A5A9 /* SysFIle */,
				D70F0A8B1BF9BBBF006B6596 /* html */,
				D7EC49001BF19CAF0088BBE2 /* HealthCN-Bridging-Header.h */,
			);
			path = HealthCN;
			sourceTree = "<group>";
		};
		42E708F31BC752C40092A5A9 /* PubClass */ = {
			isa = PBXGroup;
			children = (
				42E708F61BC7534A0092A5A9 /* PubClass.swift */,
				D781F2BA1BF5C7D100477ABE /* NoDataView.swift */,
			);
			name = PubClass;
			sourceTree = "<group>";
		};
		42E708F41BC752D40092A5A9 /* MainHome */ = {
			isa = PBXGroup;
			children = (
				42D1A73C1BC587DD008ECEFB /* MainLogin.swift */,
				427F028B1BC9799400A4AEB7 /* MainCategory.swift */,
				D7EA9FB21BCF86A200E8CD10 /* MainScrollData.swift */,
				42C0B9B61BCFF9E500B56D3D /* CellViewHealth.swift */,
				D71B2BDC1BF082FD006BB466 /* MemberPict.swift */,
			);
			name = MainHome;
			sourceTree = "<group>";
		};
		42E708F51BC752EE0092A5A9 /* SysFIle */ = {
			isa = PBXGroup;
			children = (
				D704131A1BFADE76008F4CE4 /* mead_db.txt */,
				D77684161BD0A1C500B97009 /* digt001.ttf */,
				D77684171BD0A1C500B97009 /* digt002.ttf */,
				42D1A73A1BC587DD008ECEFB /* AppDelegate.swift */,
				42D1A7411BC587DD008ECEFB /* Assets.xcassets */,
				42D1A7461BC587DD008ECEFB /* Info.plist */,
				42E708F81BC754050092A5A9 /* zh-Hans.strings */,
				42E708FA1BC754190092A5A9 /* default.strings */,
			);
			name = SysFIle;
			sourceTree = "<group>";
		};
		D700EB501BFDC96500DAA145 /* Odrs */ = {
			isa = PBXGroup;
			children = (
				D7FDEFBE1BD8E15700ECA71A /* OdrsList.swift */,
				D7FDEFC01BD8E49200ECA71A /* OdrsCell.swift */,
				D700EB511BFDC9A500DAA145 /* PdSaleDetail.swift */,
				D7E6E2991BFEA58200434C1D /* PdSaleDetailCell.swift */,
				D7E6E29B1BFEC71E00434C1D /* PdSaleReturn.swift */,
				D7E6E29D1BFEC73200434C1D /* PdSaleReturnCell.swift */,
			);
			name = Odrs;
			sourceTree = "<group>";
		};
		D70F0A881BF9A506006B6596 /* Mead */ = {
			isa = PBXGroup;
			children = (
				D7FDEFB81BD8BCA000ECA71A /* MeadList.swift */,
				D7FDEFBA1BD8C9E800ECA71A /* MeadCell.swift */,
				D7FDEFBC1BD8D38800ECA71A /* MeadDetail.swift */,
				D704130C1BFAD2F4008F4CE4 /* MeadDetailTxt.swift */,
				D704131C1BFB0509008F4CE4 /* MeadDetailCell.swift */,
			);
			name = Mead;
			sourceTree = "<group>";
		};
		D71B2BDB1BF082BF006BB466 /* ImageClass */ = {
			isa = PBXGroup;
			children = (
				D7EC48841BF18A520088BBE2 /* ImageClass.swift */,
			);
			name = ImageClass;
			sourceTree = "<group>";
		};
		D726BE7C1BE87B4E0039C70E /* Reservation */ = {
			isa = PBXGroup;
			children = (
				D75C3FDA1BECA19100123087 /* ReservationMain.swift */,
				D726BE7D1BE87B980039C70E /* ReservationAdd.swift */,
				D726BE7F1BE87E9E0039C70E /* SelTimeCell.swift */,
				D726BE811BE892FA0039C70E /* SelDateCell.swift */,
				D726BE831BE8A9AC0039C70E /* SelServCell.swift */,
				D7FBBC741BE9F890009A615B /* CourseSel.swift */,
				D7FBBC761BEA0600009A615B /* CourseSelCell.swift */,
				42E376BA1BEA6DAE00910327 /* CourseSelCust.swift */,
				42E376B81BEA6CDE00910327 /* CourseSelCustCell.swift */,
				D75C3FD81BEC890400123087 /* ReservationList.swift */,
				427CBE251BED0EDE00FAFB01 /* ReservationListCell.swift */,
				D700EB481BFD9CE400DAA145 /* CourseOdrsList.swift */,
				D700EB4A1BFD9CFA00DAA145 /* CourseOdrsListCell.swift */,
				D700EB4C1BFDA73B00DAA145 /* CourseOdrsDetail.swift */,
				D700EB4E1BFDA74E00DAA145 /* CourseOdrsDetailCell.swift */,
			);
			name = Reservation;
			sourceTree = "<group>";
		};
		D781F2B51BF5B44500477ABE /* Soqibed */ = {
			isa = PBXGroup;
			children = (
				D781F2B61BF5B48300477ABE /* SoqibedMain.swift */,
				D781F2B81BF5B8D600477ABE /* SoqibedLogList.swift */,
				D781F2BC1BF5D6E700477ABE /* SoqibedLogAll.swift */,
				D70F0A4E1BF98588006B6596 /* SoqibedAdEd.swift */,
			);
			name = Soqibed;
			sourceTree = "<group>";
		};
		D7EC49281BF1A0FE0088BBE2 /* TOCropViewController */ = {
			isa = PBXGroup;
			children = (
				D7EC49401BF1A0FE0088BBE2 /* TOCropViewController.h */,
				D7EC49411BF1A0FE0088BBE2 /* TOCropViewController.m */,
				D7EC49291BF1A0FE0088BBE2 /* TOCropViewControllerLocalizable.strings */,
				D7EC49421BF1A0FE0088BBE2 /* Views */,
				D7EC49331BF1A0FE0088BBE2 /* Models */,
			);
			path = TOCropViewController;
			sourceTree = "<group>";
		};
		D7EC49331BF1A0FE0088BBE2 /* Models */ = {
			isa = PBXGroup;
			children = (
				D7EC49341BF1A0FE0088BBE2 /* TOActivityCroppedImageProvider.h */,
				D7EC49351BF1A0FE0088BBE2 /* TOActivityCroppedImageProvider.m */,
				D7EC49361BF1A0FE0088BBE2 /* TOCroppedImageAttributes.h */,
				D7EC49371BF1A0FE0088BBE2 /* TOCroppedImageAttributes.m */,
				D7EC49381BF1A0FE0088BBE2 /* TOCropViewControllerTransitioning.h */,
				D7EC49391BF1A0FE0088BBE2 /* TOCropViewControllerTransitioning.m */,
				D7EC493A1BF1A0FE0088BBE2 /* UIImage+CropRotate.h */,
				D7EC493B1BF1A0FE0088BBE2 /* UIImage+CropRotate.m */,
			);
			path = Models;
			sourceTree = "<group>";
		};
		D7EC49421BF1A0FE0088BBE2 /* Views */ = {
			isa = PBXGroup;
			children = (
				D7EC49431BF1A0FE0088BBE2 /* TOCropOverlayView.h */,
				D7EC49441BF1A0FE0088BBE2 /* TOCropOverlayView.m */,
				D7EC49451BF1A0FE0088BBE2 /* TOCropScrollView.h */,
				D7EC49461BF1A0FE0088BBE2 /* TOCropScrollView.m */,
				D7EC49471BF1A0FE0088BBE2 /* TOCropToolbar.h */,
				D7EC49481BF1A0FE0088BBE2 /* TOCropToolbar.m */,
				D7EC49491BF1A0FE0088BBE2 /* TOCropView.h */,
				D7EC494A1BF1A0FE0088BBE2 /* TOCropView.m */,
			);
			path = Views;
			sourceTree = "<group>";
		};
/* End PBXGroup section */

/* Begin PBXNativeTarget section */
		42D1A7361BC587DD008ECEFB /* HealthCN */ = {
			isa = PBXNativeTarget;
			buildConfigurationList = 42D1A7491BC587DD008ECEFB /* Build configuration list for PBXNativeTarget "HealthCN" */;
			buildPhases = (
				42D1A7331BC587DD008ECEFB /* Sources */,
				42D1A7341BC587DD008ECEFB /* Frameworks */,
				42D1A7351BC587DD008ECEFB /* Resources */,
			);
			buildRules = (
			);
			dependencies = (
			);
			name = HealthCN;
			productName = HealthCN;
			productReference = 42D1A7371BC587DD008ECEFB /* HealthCN.app */;
			productType = "com.apple.product-type.application";
		};
/* End PBXNativeTarget section */

/* Begin PBXProject section */
		42D1A72F1BC587DD008ECEFB /* Project object */ = {
			isa = PBXProject;
			attributes = {
				LastSwiftUpdateCheck = 0710;
				LastUpgradeCheck = 0700;
				ORGANIZATIONNAME = Merit;
				TargetAttributes = {
					42D1A7361BC587DD008ECEFB = {
						CreatedOnToolsVersion = 7.0.1;
					};
				};
			};
			buildConfigurationList = 42D1A7321BC587DD008ECEFB /* Build configuration list for PBXProject "HealthCN" */;
			compatibilityVersion = "Xcode 3.2";
			developmentRegion = English;
			hasScannedForEncodings = 0;
			knownRegions = (
				en,
				Base,
				de,
				es,
				fr,
				id,
				it,
				ja,
				ko,
				nl,
				pl,
				pt,
				ru,
				"zh-Hans",
				"zh-Hant",
			);
			mainGroup = 42D1A72E1BC587DD008ECEFB;
			productRefGroup = 42D1A7381BC587DD008ECEFB /* Products */;
			projectDirPath = "";
			projectRoot = "";
			targets = (
				42D1A7361BC587DD008ECEFB /* HealthCN */,
			);
		};
/* End PBXProject section */

/* Begin PBXResourcesBuildPhase section */
		42D1A7351BC587DD008ECEFB /* Resources */ = {
			isa = PBXResourcesBuildPhase;
			buildActionMask = 2147483647;
			files = (
				42C4989B1BC80B7D002DF0ED /* bg_txt01.png in Resources */,
				42C498AD1BC80B7D002DF0ED /* heart_icon48.png in Resources */,
				42C498C41BC80B7D002DF0ED /* msgicon_line.png in Resources */,
				42C498AB1BC80B7D002DF0ED /* engval_up.png in Resources */,
				42C498A31BC80B7D002DF0ED /* customer.png in Resources */,
				42C4988E1BC80B7D002DF0ED /* appicon01.png in Resources */,
				42C498B61BC80B7D002DF0ED /* logo_merit02.png in Resources */,
				D7EC494D1BF1A0FE0088BBE2 /* TOCropViewControllerLocalizable.strings in Resources */,
				42C4989C1BC80B7D002DF0ED /* bluetooth_on_128.png in Resources */,
				42C498C91BC80B7D002DF0ED /* search01_128.png in Resources */,
				42C498BA1BC80B7D002DF0ED /* menu_cert_256.png in Resources */,
				42C498B81BC80B7D002DF0ED /* menu_calendar_256.png in Resources */,
				42C498C01BC80B7D002DF0ED /* menu_train01_256.png in Resources */,
				42C498A51BC80B7D002DF0ED /* dev01.png in Resources */,
				42C498901BC80B7D002DF0ED /* arrow_down02.png in Resources */,
				42C498951BC80B7D002DF0ED /* arrow_right02.png in Resources */,
				42C498A41BC80B7D002DF0ED /* del_128_001.png in Resources */,
				42C498971BC80B7D002DF0ED /* arrow_up03.png in Resources */,
				42C498BD1BC80B7D002DF0ED /* menu_profile.png in Resources */,
				42C498BB1BC80B7D002DF0ED /* menu_member.png in Resources */,
				42C498A11BC80B7D002DF0ED /* camera_switch.png in Resources */,
				42C498931BC80B7D002DF0ED /* arrow_left02.png in Resources */,
				42C498CB1BC80B7D002DF0ED /* testmechine_128.png in Resources */,
				42E708F91BC754050092A5A9 /* zh-Hans.strings in Resources */,
				42C498CC1BC80B7D002DF0ED /* user_empty01.png in Resources */,
				D70F0A8C1BF9BBBF006B6596 /* html in Resources */,
				D77684181BD0A1C500B97009 /* digt001.ttf in Resources */,
				D77684191BD0A1C500B97009 /* digt002.ttf in Resources */,
				42C498B41BC80B7D002DF0ED /* logo_isoqi01.png in Resources */,
				42C498BF1BC80B7D002DF0ED /* menu_testint01_256.png in Resources */,
				42C498C51BC80B7D002DF0ED /* msgicon_qq.png in Resources */,
				42C498C71BC80B7D002DF0ED /* news01_128.png in Resources */,
				42C498C21BC80B7D002DF0ED /* menu_upload.png in Resources */,
				42C498AC1BC80B7D002DF0ED /* heart_icon.png in Resources */,
				42C498C81BC80B7D002DF0ED /* save_128.png in Resources */,
				42C4989F1BC80B7D002DF0ED /* camera_256_01.png in Resources */,
				42C498961BC80B7D002DF0ED /* arrow_up02.png in Resources */,
				42C498941BC80B7D002DF0ED /* arrow_right01.png in Resources */,
				42C498B71BC80B7D002DF0ED /* menu_calendar01_256.png in Resources */,
				42C4988D1BC80B7D002DF0ED /* akregator_256.png in Resources */,
				D704131B1BFADE76008F4CE4 /* mead_db.txt in Resources */,
				42C498B01BC80B7D002DF0ED /* homelogo002.png in Resources */,
				42C4988F1BC80B7D002DF0ED /* appicon02.png in Resources */,
				42C498C31BC80B7D002DF0ED /* msgicon_fb.png in Resources */,
				42C498991BC80B7D002DF0ED /* back002.jpg in Resources */,
				42C498B91BC80B7D002DF0ED /* menu_camera_256.png in Resources */,
				42C498A81BC80B7D002DF0ED /* dev04.png in Resources */,
				42C498B21BC80B7D002DF0ED /* invoice01_128.png in Resources */,
				42C498911BC80B7D002DF0ED /* arrow_down03.png in Resources */,
				42C498C61BC80B7D002DF0ED /* msgicon_wechat.png in Resources */,
				42E708FB1BC754190092A5A9 /* default.strings in Resources */,
				42C4989A1BC80B7D002DF0ED /* bg_logo01.png in Resources */,
				42C498A01BC80B7D002DF0ED /* camera_shutter.png in Resources */,
				42C498981BC80B7D002DF0ED /* back001.png in Resources */,
				42C498921BC80B7D002DF0ED /* arrow_left01.png in Resources */,
				42C498A21BC80B7D002DF0ED /* config_256.png in Resources */,
				42C498B51BC80B7D002DF0ED /* logo_merit01.png in Resources */,
				42C4989D1BC80B7D002DF0ED /* calculator_256.png in Resources */,
				42C498CA1BC80B7D002DF0ED /* search_64.png in Resources */,
				42C4989E1BC80B7D002DF0ED /* calendar01_128.png in Resources */,
				42C498B31BC80B7D002DF0ED /* kchart_256.png in Resources */,
				42C498A91BC80B7D002DF0ED /* edit_128_001.png in Resources */,
				42C498A61BC80B7D002DF0ED /* dev02.png in Resources */,
				42D1A7421BC587DD008ECEFB /* Assets.xcassets in Resources */,
				42C498BE1BC80B7D002DF0ED /* menu_testing.png in Resources */,
				42C498AA1BC80B7D002DF0ED /* engval_down.png in Resources */,
				42C498A71BC80B7D002DF0ED /* dev03.png in Resources */,
				42C498BC1BC80B7D002DF0ED /* menu_message_256.png in Resources */,
				42C498AF1BC80B7D002DF0ED /* homelogo001.png in Resources */,
				42C498B11BC80B7D002DF0ED /* homelogo003.png in Resources */,
				42D1A7401BC587DD008ECEFB /* Main.storyboard in Resources */,
				42C498AE1BC80B7D002DF0ED /* heart_icon64.png in Resources */,
				42C498C11BC80B7D002DF0ED /* menu_train_256.png in Resources */,
			);
			runOnlyForDeploymentPostprocessing = 0;
		};
/* End PBXResourcesBuildPhase section */

/* Begin PBXSourcesBuildPhase section */
		42D1A7331BC587DD008ECEFB /* Sources */ = {
			isa = PBXSourcesBuildPhase;
			buildActionMask = 2147483647;
			files = (
				D7EC49551BF1A0FE0088BBE2 /* TOCropToolbar.m in Sources */,
				D726BE7E1BE87B980039C70E /* ReservationAdd.swift in Sources */,
				427F028C1BC9799400A4AEB7 /* MainCategory.swift in Sources */,
				D726BE821BE892FA0039C70E /* SelDateCell.swift in Sources */,
				D781F2B71BF5B48300477ABE /* SoqibedMain.swift in Sources */,
				D7EC49521BF1A0FE0088BBE2 /* TOCropViewController.m in Sources */,
				D700EB4B1BFD9CFA00DAA145 /* CourseOdrsListCell.swift in Sources */,
				D704130D1BFAD2F4008F4CE4 /* MeadDetailTxt.swift in Sources */,
				D79235081BE0AA570051D0B9 /* HealthCalCellData.swift in Sources */,
				D7EC494E1BF1A0FE0088BBE2 /* TOActivityCroppedImageProvider.m in Sources */,
				42C0B9B71BCFF9E500B56D3D /* CellViewHealth.swift in Sources */,
				42E376B91BEA6CDE00910327 /* CourseSelCustCell.swift in Sources */,
				D7EC49561BF1A0FE0088BBE2 /* TOCropView.m in Sources */,
				D71B2BDD1BF082FD006BB466 /* MemberPict.swift in Sources */,
				D7EC49511BF1A0FE0088BBE2 /* UIImage+CropRotate.m in Sources */,
				D7EC494F1BF1A0FE0088BBE2 /* TOCroppedImageAttributes.m in Sources */,
				D7EC49501BF1A0FE0088BBE2 /* TOCropViewControllerTransitioning.m in Sources */,
				D700EB4F1BFDA74E00DAA145 /* CourseOdrsDetailCell.swift in Sources */,
				42D0F7521BEFADCD00C97D54 /* NewsStore.swift in Sources */,
				D70F0A4F1BF98588006B6596 /* SoqibedAdEd.swift in Sources */,
				42D0F7501BEFAC7A00C97D54 /* NewsMain.swift in Sources */,
				D71B2BD81BF02C17006BB466 /* NewsOfficeCell.swift in Sources */,
				D75C3FDB1BECA19100123087 /* ReservationMain.swift in Sources */,
				D7FDEFB91BD8BCA000ECA71A /* MeadList.swift in Sources */,
				D781F2BD1BF5D6E700477ABE /* SoqibedLogAll.swift in Sources */,
				D7FBBC771BEA0600009A615B /* CourseSelCell.swift in Sources */,
				D700EB4D1BFDA73B00DAA145 /* CourseOdrsDetail.swift in Sources */,
				D71B2BDA1BF02D05006BB466 /* NewsOfficeDetail.swift in Sources */,
				D71CE2EA1BE31EBD0067CCC1 /* HealthValCell.swift in Sources */,
				42D0F7541BEFB22D00C97D54 /* NewsStoreDetail.swift in Sources */,
				D726BE801BE87E9E0039C70E /* SelTimeCell.swift in Sources */,
				D7EA9FB31BCF86A200E8CD10 /* MainScrollData.swift in Sources */,
				D7E6E29C1BFEC71E00434C1D /* PdSaleReturn.swift in Sources */,
				D781F2B91BF5B8D600477ABE /* SoqibedLogList.swift in Sources */,
				D726BE841BE8A9AC0039C70E /* SelServCell.swift in Sources */,
				427CBE261BED0EDE00FAFB01 /* ReservationListCell.swift in Sources */,
				D7FBBC751BE9F890009A615B /* CourseSel.swift in Sources */,
				D71CE2EE1BE34FEB0067CCC1 /* HealthCellExtData.swift in Sources */,
				D71CE2EC1BE323D00067CCC1 /* HealthDataInit.swift in Sources */,
				D75C3FD91BEC890400123087 /* ReservationList.swift in Sources */,
				42D0F7581BEFB66400C97D54 /* NewsStoreDetailCell.swift in Sources */,
				D71CE2F01BE36D640067CCC1 /* HealthExplainTestData.swift in Sources */,
				D700EB521BFDC9A500DAA145 /* PdSaleDetail.swift in Sources */,
				42E708F71BC7534A0092A5A9 /* PubClass.swift in Sources */,
				42E376BB1BEA6DAE00910327 /* CourseSelCust.swift in Sources */,
				D700EB491BFD9CE400DAA145 /* CourseOdrsList.swift in Sources */,
				D7FDEFC11BD8E49200ECA71A /* OdrsCell.swift in Sources */,
				D7EC49541BF1A0FE0088BBE2 /* TOCropScrollView.m in Sources */,
				422D4F5F1BDE85310045E6D5 /* CellCalendarDate.swift in Sources */,
				D7FDEFBD1BD8D38800ECA71A /* MeadDetail.swift in Sources */,
				42D1A73D1BC587DD008ECEFB /* MainLogin.swift in Sources */,
				D7E6E29A1BFEA58200434C1D /* PdSaleDetailCell.swift in Sources */,
				42D0F7561BEFB50500C97D54 /* NewsStoreCell.swift in Sources */,
				D7EC49531BF1A0FE0088BBE2 /* TOCropOverlayView.m in Sources */,
				D7FDEFBF1BD8E15700ECA71A /* OdrsList.swift in Sources */,
				42D1A73B1BC587DD008ECEFB /* AppDelegate.swift in Sources */,
				D71B2BD61BF02B8C006BB466 /* NewsOffice.swift in Sources */,
				D704131D1BFB0509008F4CE4 /* MeadDetailCell.swift in Sources */,
				D7FDEFBB1BD8C9E800ECA71A /* MeadCell.swift in Sources */,
				429B2E641BDD205300BAF88E /* HealthCalendar.swift in Sources */,
				D781F2BB1BF5C7D100477ABE /* NoDataView.swift in Sources */,
				D7EC48851BF18A520088BBE2 /* ImageClass.swift in Sources */,
				D7E6E29E1BFEC73200434C1D /* PdSaleReturnCell.swift in Sources */,
			);
			runOnlyForDeploymentPostprocessing = 0;
		};
/* End PBXSourcesBuildPhase section */

/* Begin PBXVariantGroup section */
		42D1A73E1BC587DD008ECEFB /* Main.storyboard */ = {
			isa = PBXVariantGroup;
			children = (
				42D1A73F1BC587DD008ECEFB /* Base */,
			);
			name = Main.storyboard;
			sourceTree = "<group>";
		};
		D7EC49291BF1A0FE0088BBE2 /* TOCropViewControllerLocalizable.strings */ = {
			isa = PBXVariantGroup;
			children = (
				D7EC492A1BF1A0FE0088BBE2 /* Base */,
				D7EC492B1BF1A0FE0088BBE2 /* de */,
				D7EC492C1BF1A0FE0088BBE2 /* en */,
				D7EC492D1BF1A0FE0088BBE2 /* es */,
				D7EC492E1BF1A0FE0088BBE2 /* fr */,
				D7EC492F1BF1A0FE0088BBE2 /* id */,
				D7EC49301BF1A0FE0088BBE2 /* it */,
				D7EC49311BF1A0FE0088BBE2 /* ja */,
				D7EC49321BF1A0FE0088BBE2 /* ko */,
				D7EC493C1BF1A0FE0088BBE2 /* nl */,
				D7EC493D1BF1A0FE0088BBE2 /* pl */,
				D7EC493E1BF1A0FE0088BBE2 /* pt */,
				D7EC493F1BF1A0FE0088BBE2 /* ru */,
				D7EC494B1BF1A0FE0088BBE2 /* zh-Hans */,
				D7EC494C1BF1A0FE0088BBE2 /* zh-Hant */,
			);
			name = TOCropViewControllerLocalizable.strings;
			sourceTree = "<group>";
		};
/* End PBXVariantGroup section */

/* Begin XCBuildConfiguration section */
		42D1A7471BC587DD008ECEFB /* Debug */ = {
			isa = XCBuildConfiguration;
			buildSettings = {
				ALWAYS_SEARCH_USER_PATHS = NO;
				CLANG_CXX_LANGUAGE_STANDARD = "gnu++0x";
				CLANG_CXX_LIBRARY = "libc++";
				CLANG_ENABLE_MODULES = YES;
				CLANG_ENABLE_OBJC_ARC = YES;
				CLANG_WARN_BOOL_CONVERSION = YES;
				CLANG_WARN_CONSTANT_CONVERSION = YES;
				CLANG_WARN_DIRECT_OBJC_ISA_USAGE = YES_ERROR;
				CLANG_WARN_EMPTY_BODY = YES;
				CLANG_WARN_ENUM_CONVERSION = YES;
				CLANG_WARN_INT_CONVERSION = YES;
				CLANG_WARN_OBJC_ROOT_CLASS = YES_ERROR;
				CLANG_WARN_UNREACHABLE_CODE = YES;
				CLANG_WARN__DUPLICATE_METHOD_MATCH = YES;
				"CODE_SIGN_IDENTITY[sdk=iphoneos*]" = "iPhone Developer";
				COPY_PHASE_STRIP = NO;
				DEBUG_INFORMATION_FORMAT = dwarf;
				ENABLE_STRICT_OBJC_MSGSEND = YES;
				ENABLE_TESTABILITY = YES;
				GCC_C_LANGUAGE_STANDARD = gnu99;
				GCC_DYNAMIC_NO_PIC = NO;
				GCC_NO_COMMON_BLOCKS = YES;
				GCC_OPTIMIZATION_LEVEL = 0;
				GCC_PREPROCESSOR_DEFINITIONS = (
					"DEBUG=1",
					"$(inherited)",
				);
				GCC_WARN_64_TO_32_BIT_CONVERSION = YES;
				GCC_WARN_ABOUT_RETURN_TYPE = YES_ERROR;
				GCC_WARN_UNDECLARED_SELECTOR = YES;
				GCC_WARN_UNINITIALIZED_AUTOS = YES_AGGRESSIVE;
				GCC_WARN_UNUSED_FUNCTION = YES;
				GCC_WARN_UNUSED_VARIABLE = YES;
				IPHONEOS_DEPLOYMENT_TARGET = 9.0;
				MTL_ENABLE_DEBUG_INFO = YES;
				ONLY_ACTIVE_ARCH = YES;
				SDKROOT = iphoneos;
				SWIFT_OPTIMIZATION_LEVEL = "-Onone";
				TARGETED_DEVICE_FAMILY = "1,2";
			};
			name = Debug;
		};
		42D1A7481BC587DD008ECEFB /* Release */ = {
			isa = XCBuildConfiguration;
			buildSettings = {
				ALWAYS_SEARCH_USER_PATHS = NO;
				CLANG_CXX_LANGUAGE_STANDARD = "gnu++0x";
				CLANG_CXX_LIBRARY = "libc++";
				CLANG_ENABLE_MODULES = YES;
				CLANG_ENABLE_OBJC_ARC = YES;
				CLANG_WARN_BOOL_CONVERSION = YES;
				CLANG_WARN_CONSTANT_CONVERSION = YES;
				CLANG_WARN_DIRECT_OBJC_ISA_USAGE = YES_ERROR;
				CLANG_WARN_EMPTY_BODY = YES;
				CLANG_WARN_ENUM_CONVERSION = YES;
				CLANG_WARN_INT_CONVERSION = YES;
				CLANG_WARN_OBJC_ROOT_CLASS = YES_ERROR;
				CLANG_WARN_UNREACHABLE_CODE = YES;
				CLANG_WARN__DUPLICATE_METHOD_MATCH = YES;
				"CODE_SIGN_IDENTITY[sdk=iphoneos*]" = "iPhone Developer";
				COPY_PHASE_STRIP = NO;
				DEBUG_INFORMATION_FORMAT = "dwarf-with-dsym";
				ENABLE_NS_ASSERTIONS = NO;
				ENABLE_STRICT_OBJC_MSGSEND = YES;
				GCC_C_LANGUAGE_STANDARD = gnu99;
				GCC_NO_COMMON_BLOCKS = YES;
				GCC_WARN_64_TO_32_BIT_CONVERSION = YES;
				GCC_WARN_ABOUT_RETURN_TYPE = YES_ERROR;
				GCC_WARN_UNDECLARED_SELECTOR = YES;
				GCC_WARN_UNINITIALIZED_AUTOS = YES_AGGRESSIVE;
				GCC_WARN_UNUSED_FUNCTION = YES;
				GCC_WARN_UNUSED_VARIABLE = YES;
				IPHONEOS_DEPLOYMENT_TARGET = 9.0;
				MTL_ENABLE_DEBUG_INFO = NO;
				SDKROOT = iphoneos;
				TARGETED_DEVICE_FAMILY = "1,2";
				VALIDATE_PRODUCT = YES;
			};
			name = Release;
		};
		42D1A74A1BC587DD008ECEFB /* Debug */ = {
			isa = XCBuildConfiguration;
			buildSettings = {
				ASSETCATALOG_COMPILER_APPICON_NAME = AppIcon;
				CLANG_ENABLE_MODULES = YES;
				INFOPLIST_FILE = HealthCN/Info.plist;
				LD_RUNPATH_SEARCH_PATHS = "$(inherited) @executable_path/Frameworks";
				PRODUCT_BUNDLE_IDENTIFIER = mysoqi.com.HealthCN;
				PRODUCT_NAME = "$(TARGET_NAME)";
				SWIFT_OBJC_BRIDGING_HEADER = "HealthCN/HealthCN-Bridging-Header.h";
				SWIFT_OPTIMIZATION_LEVEL = "-Onone";
			};
			name = Debug;
		};
		42D1A74B1BC587DD008ECEFB /* Release */ = {
			isa = XCBuildConfiguration;
			buildSettings = {
				ASSETCATALOG_COMPILER_APPICON_NAME = AppIcon;
				CLANG_ENABLE_MODULES = YES;
				INFOPLIST_FILE = HealthCN/Info.plist;
				LD_RUNPATH_SEARCH_PATHS = "$(inherited) @executable_path/Frameworks";
				PRODUCT_BUNDLE_IDENTIFIER = mysoqi.com.HealthCN;
				PRODUCT_NAME = "$(TARGET_NAME)";
				SWIFT_OBJC_BRIDGING_HEADER = "HealthCN/HealthCN-Bridging-Header.h";
			};
			name = Release;
		};
/* End XCBuildConfiguration section */

/* Begin XCConfigurationList section */
		42D1A7321BC587DD008ECEFB /* Build configuration list for PBXProject "HealthCN" */ = {
			isa = XCConfigurationList;
			buildConfigurations = (
				42D1A7471BC587DD008ECEFB /* Debug */,
				42D1A7481BC587DD008ECEFB /* Release */,
			);
			defaultConfigurationIsVisible = 0;
			defaultConfigurationName = Release;
		};
		42D1A7491BC587DD008ECEFB /* Build configuration list for PBXNativeTarget "HealthCN" */ = {
			isa = XCConfigurationList;
			buildConfigurations = (
				42D1A74A1BC587DD008ECEFB /* Debug */,
				42D1A74B1BC587DD008ECEFB /* Release */,
			);
			defaultConfigurationIsVisible = 0;
			defaultConfigurationName = Release;
		};
/* End XCConfigurationList section */
	};
	rootObject = 42D1A72F1BC587DD008ECEFB /* Project object */;
}
